
Microsoft Visual Studio Solution File, Format Version 12.00
# Visual Studio 15
VisualStudioVersion = 15.0.28010.2036
MinimumVisualStudioVersion = 10.0.40219.1
Project("{FAE04EC0-301F-11D3-BF4B-00C04F79EFBC}") = "Vanrise.BusinessProcess.Data", "Vanrise.BusinessProcess.Data\Vanrise.BusinessProcess.Data.csproj", "{E7B7BE23-5ABB-4327-B716-127A19E7B6E6}"
EndProject
Project("{FAE04EC0-301F-11D3-BF4B-00C04F79EFBC}") = "Vanrise.BusinessProcess.Data.SQL", "Vanrise.BusinessProcess.Data.SQL\Vanrise.BusinessProcess.Data.SQL.csproj", "{3F8405F6-45C3-4EEF-9E59-A8B206DE0AA2}"
EndProject
Project("{FAE04EC0-301F-11D3-BF4B-00C04F79EFBC}") = "Vanrise.BusinessProcess.Entities", "Vanrise.BusinessProcess.Entities\Vanrise.BusinessProcess.Entities.csproj", "{EB3CF5AA-EC32-4723-81E5-C4A0C0525D05}"
EndProject
Project("{FAE04EC0-301F-11D3-BF4B-00C04F79EFBC}") = "Vanrise.BusinessProcess", "Vanrise.BusinessProcess\Vanrise.BusinessProcess.csproj", "{A5EE3349-B642-4CC7-B575-7C338821D63D}"
EndProject
Project("{FAE04EC0-301F-11D3-BF4B-00C04F79EFBC}") = "Vanrise.BusinessProcess.WFActivities", "Vanrise.BusinessProcess.WFActivities\Vanrise.BusinessProcess.WFActivities.csproj", "{5C28C004-F7BE-4F09-832F-CE8594B3231F}"
EndProject
Project("{2150E333-8FDC-42A3-9474-1A3956D46DE8}") = "Data Access Layer", "Data Access Layer", "{AA9582C1-FDE5-49F8-B2DB-3A461D31F7FD}"
EndProject
Project("{FAE04EC0-301F-11D3-BF4B-00C04F79EFBC}") = "Vanrise.BusinessProcess.WFActivities.Test", "Vanrise.Business.WFActivities.Test\Vanrise.BusinessProcess.WFActivities.Test.csproj", "{5FCBDC4A-D94E-4883-A41D-C2579D21602D}"
EndProject
Project("{FAE04EC0-301F-11D3-BF4B-00C04F79EFBC}") = "Vanrise.Queueing", "Vanrise.Queueing\Vanrise.Queueing.csproj", "{28EB3790-0E19-43AB-8ECB-6137EB0E588A}"
EndProject
Project("{2150E333-8FDC-42A3-9474-1A3956D46DE8}") = "Queueing", "Queueing", "{AA77692E-2A11-4668-8E05-3A50564EC28E}"
EndProject
Project("{2150E333-8FDC-42A3-9474-1A3956D46DE8}") = "Business Process", "Business Process", "{6DE7EC63-A773-4991-A8AE-3633C788DAD4}"
EndProject
Project("{FAE04EC0-301F-11D3-BF4B-00C04F79EFBC}") = "Vanrise.Queueing.Data", "Vanrise.Queueing.Data\Vanrise.Queueing.Data.csproj", "{7A7BE8A2-3C37-42D6-A2E0-B2422661427F}"
EndProject
Project("{FAE04EC0-301F-11D3-BF4B-00C04F79EFBC}") = "Vanrise.Queueing.Entities", "Vanrise.Queueing.Entities\Vanrise.Queueing.Entities.csproj", "{A511DCE7-1FA4-46DC-B04E-01C4CCDD7F1C}"
EndProject
Project("{FAE04EC0-301F-11D3-BF4B-00C04F79EFBC}") = "Vanrise.Queueing.Data.SQL", "Vanrise.Queueing.Data.SQL\Vanrise.Queueing.Data.SQL.csproj", "{8C98C28A-3F14-4876-B7DD-DC95313A3BA4}"
EndProject
Project("{FAE04EC0-301F-11D3-BF4B-00C04F79EFBC}") = "Vanrise.Queueing.Extensions", "Vanrise.Queueing.Extensions\Vanrise.Queueing.Extensions.csproj", "{5BFF8DF2-75AF-4358-AF5E-66AF97B76177}"
EndProject
Project("{FAE04EC0-301F-11D3-BF4B-00C04F79EFBC}") = "Vanrise.BusinessProcess.Web", "Vanrise.BusinessProcess.Web\Vanrise.BusinessProcess.Web.csproj", "{0056C00D-0FDB-45D3-955B-ADD9DDABD543}"
EndProject
Project("{FAE04EC0-301F-11D3-BF4B-00C04F79EFBC}") = "Vanrise.Queueing.Web", "Vanrise.Queueing.Web\Vanrise.Queueing.Web.csproj", "{120DB552-8E1C-4391-AFE8-FCE94639AEA3}"
EndProject
Project("{2150E333-8FDC-42A3-9474-1A3956D46DE8}") = "Extensions", "Extensions", "{2E861FF8-567A-44AD-A17B-74626FB260C1}"
EndProject
Project("{FAE04EC0-301F-11D3-BF4B-00C04F79EFBC}") = "Vanrise.BusinessProcess.Extensions.WFTaskAction", "Vanrise.BusinessProcess.Extensions.WFTaskAction\Vanrise.BusinessProcess.Extensions.WFTaskAction.csproj", "{2D5062E9-0355-4B03-80EF-FFC09F0CF9F0}"
EndProject
Project("{FAE04EC0-301F-11D3-BF4B-00C04F79EFBC}") = "Vanrise.BusinessProcess.Extensions.WFTaskAction.Arguments", "Vanrise.BusinessProcess.Extensions.WFTaskAction.Arguments\Vanrise.BusinessProcess.Extensions.WFTaskAction.Arguments.csproj", "{5AE9DF20-7D4A-4B9D-93A2-BFBC2FB3334A}"
EndProject
Project("{FAE04EC0-301F-11D3-BF4B-00C04F79EFBC}") = "Vanrise.BusinessProcess.Business", "Vanrise.BusinessProcess.Business\Vanrise.BusinessProcess.Business.csproj", "{CE8A7FEE-D6C7-43C6-851F-BEBA44B03B13}"
EndProject
Project("{FAE04EC0-301F-11D3-BF4B-00C04F79EFBC}") = "Vanrise.BusinessProcess.MainExtensions", "Vanrise.BusinessProcess.MainExtensions\Vanrise.BusinessProcess.MainExtensions.csproj", "{5D15162D-62D4-4155-B947-9AE33C0D88FE}"
EndProject
Project("{FAE04EC0-301F-11D3-BF4B-00C04F79EFBC}") = "Vanrise.Reprocess.Entities", "Vanrise.Reprocess.Entities\Vanrise.Reprocess.Entities.csproj", "{C0F57639-9DF9-45FB-A97F-0D97CD8794D0}"
EndProject
Project("{2150E333-8FDC-42A3-9474-1A3956D46DE8}") = "Reprocess", "Reprocess", "{9678D3AB-558B-42D9-A352-C819A02EC254}"
EndProject
Project("{FAE04EC0-301F-11D3-BF4B-00C04F79EFBC}") = "Vanrise.Reprocess.BP", "Vanrise.Reprocess.BP\Vanrise.Reprocess.BP.csproj", "{8917CC91-01ED-47FA-86EE-9D61D94842AD}"
EndProject
Project("{FAE04EC0-301F-11D3-BF4B-00C04F79EFBC}") = "Vanrise.Reprocess.BP.Activities", "Vanrise.Reprocess.BP.Activities\Vanrise.Reprocess.BP.Activities.csproj", "{FC373F90-5C77-40BF-AA74-6F28C2420A96}"
EndProject
Project("{FAE04EC0-301F-11D3-BF4B-00C04F79EFBC}") = "Vanrise.Reprocess.BP.Arguments", "Vanrise.Reprocess.BP.Arguments\Vanrise.Reprocess.BP.Arguments.csproj", "{61212FDD-0D51-41B8-96F2-0E0720B602D5}"
EndProject
Project("{FAE04EC0-301F-11D3-BF4B-00C04F79EFBC}") = "Vanrise.Reprocess.Business", "Vanrise.Reprocess.Business\Vanrise.Reprocess.Business.csproj", "{092E16C8-378F-4CAB-BD79-471D011C4EA6}"
EndProject
Project("{FAE04EC0-301F-11D3-BF4B-00C04F79EFBC}") = "Vanrise.Reprocess.Data", "Vanrise.Reprocess.Data\Vanrise.Reprocess.Data.csproj", "{B81D359D-0BF0-4F5B-8CF9-88A1ED84CF0F}"
EndProject
Project("{FAE04EC0-301F-11D3-BF4B-00C04F79EFBC}") = "Vanrise.Reprocess.Data.SQL", "Vanrise.Reprocess.Data.SQL\Vanrise.Reprocess.Data.SQL.csproj", "{6AD92330-3C2B-446A-A4DF-39B29C7E612B}"
EndProject
Project("{FAE04EC0-301F-11D3-BF4B-00C04F79EFBC}") = "Vanrise.Reprocess.Web", "Vanrise.Reprocess.Web\Vanrise.Reprocess.Web.csproj", "{2F8CA1E1-EC76-4FC4-A7AB-F78CFC0F2B4B}"
EndProject
Project("{FAE04EC0-301F-11D3-BF4B-00C04F79EFBC}") = "Vanrise.Queueing.BP.Activities", "Vanrise.Queueing.BP.Activities\Vanrise.Queueing.BP.Activities.csproj", "{BE578171-1030-4486-A7E5-14DE0D13F98D}"
EndProject
Project("{FAE04EC0-301F-11D3-BF4B-00C04F79EFBC}") = "Vanrise.BusinessProcess.Data.RDB", "Vanrise.BusinessProcess.Data.RDB\Vanrise.BusinessProcess.Data.RDB.csproj", "{84C33703-D8A7-48E1-91E6-25977BD28F9B}"
EndProject
Project("{FAE04EC0-301F-11D3-BF4B-00C04F79EFBC}") = "Vanrise.Queueing.Data.RDB", "Vanrise.Queueing.Data.RDB\Vanrise.Queueing.Data.RDB.csproj", "{F00AFC08-73B5-4DC3-BBC1-BAE4FBBE5BBF}"
EndProject
Project("{FAE04EC0-301F-11D3-BF4B-00C04F79EFBC}") = "Vanrise.Reprocess.Data.RDB", "Vanrise.Reprocess.Data.RDB\Vanrise.Reprocess.Data.RDB.csproj", "{69390558-E9D4-4584-B848-717E99475491}"
EndProject
Global
	GlobalSection(SolutionConfigurationPlatforms) = preSolution
		Debug|Any CPU = Debug|Any CPU
		Release|Any CPU = Release|Any CPU
	EndGlobalSection
	GlobalSection(ProjectConfigurationPlatforms) = postSolution
		{E7B7BE23-5ABB-4327-B716-127A19E7B6E6}.Debug|Any CPU.ActiveCfg = Debug|Any CPU
		{E7B7BE23-5ABB-4327-B716-127A19E7B6E6}.Debug|Any CPU.Build.0 = Debug|Any CPU
		{E7B7BE23-5ABB-4327-B716-127A19E7B6E6}.Release|Any CPU.ActiveCfg = Release|Any CPU
		{E7B7BE23-5ABB-4327-B716-127A19E7B6E6}.Release|Any CPU.Build.0 = Release|Any CPU
		{3F8405F6-45C3-4EEF-9E59-A8B206DE0AA2}.Debug|Any CPU.ActiveCfg = Debug|Any CPU
		{3F8405F6-45C3-4EEF-9E59-A8B206DE0AA2}.Debug|Any CPU.Build.0 = Debug|Any CPU
		{3F8405F6-45C3-4EEF-9E59-A8B206DE0AA2}.Release|Any CPU.ActiveCfg = Release|Any CPU
		{3F8405F6-45C3-4EEF-9E59-A8B206DE0AA2}.Release|Any CPU.Build.0 = Release|Any CPU
		{EB3CF5AA-EC32-4723-81E5-C4A0C0525D05}.Debug|Any CPU.ActiveCfg = Debug|Any CPU
		{EB3CF5AA-EC32-4723-81E5-C4A0C0525D05}.Debug|Any CPU.Build.0 = Debug|Any CPU
		{EB3CF5AA-EC32-4723-81E5-C4A0C0525D05}.Release|Any CPU.ActiveCfg = Release|Any CPU
		{EB3CF5AA-EC32-4723-81E5-C4A0C0525D05}.Release|Any CPU.Build.0 = Release|Any CPU
		{A5EE3349-B642-4CC7-B575-7C338821D63D}.Debug|Any CPU.ActiveCfg = Debug|Any CPU
		{A5EE3349-B642-4CC7-B575-7C338821D63D}.Debug|Any CPU.Build.0 = Debug|Any CPU
		{A5EE3349-B642-4CC7-B575-7C338821D63D}.Release|Any CPU.ActiveCfg = Release|Any CPU
		{A5EE3349-B642-4CC7-B575-7C338821D63D}.Release|Any CPU.Build.0 = Release|Any CPU
		{5C28C004-F7BE-4F09-832F-CE8594B3231F}.Debug|Any CPU.ActiveCfg = Debug|Any CPU
		{5C28C004-F7BE-4F09-832F-CE8594B3231F}.Debug|Any CPU.Build.0 = Debug|Any CPU
		{5C28C004-F7BE-4F09-832F-CE8594B3231F}.Release|Any CPU.ActiveCfg = Release|Any CPU
		{5C28C004-F7BE-4F09-832F-CE8594B3231F}.Release|Any CPU.Build.0 = Release|Any CPU
		{5FCBDC4A-D94E-4883-A41D-C2579D21602D}.Debug|Any CPU.ActiveCfg = Debug|Any CPU
		{5FCBDC4A-D94E-4883-A41D-C2579D21602D}.Debug|Any CPU.Build.0 = Debug|Any CPU
		{5FCBDC4A-D94E-4883-A41D-C2579D21602D}.Release|Any CPU.ActiveCfg = Release|Any CPU
		{5FCBDC4A-D94E-4883-A41D-C2579D21602D}.Release|Any CPU.Build.0 = Release|Any CPU
		{28EB3790-0E19-43AB-8ECB-6137EB0E588A}.Debug|Any CPU.ActiveCfg = Debug|Any CPU
		{28EB3790-0E19-43AB-8ECB-6137EB0E588A}.Debug|Any CPU.Build.0 = Debug|Any CPU
		{28EB3790-0E19-43AB-8ECB-6137EB0E588A}.Release|Any CPU.ActiveCfg = Release|Any CPU
		{28EB3790-0E19-43AB-8ECB-6137EB0E588A}.Release|Any CPU.Build.0 = Release|Any CPU
		{7A7BE8A2-3C37-42D6-A2E0-B2422661427F}.Debug|Any CPU.ActiveCfg = Debug|Any CPU
		{7A7BE8A2-3C37-42D6-A2E0-B2422661427F}.Debug|Any CPU.Build.0 = Debug|Any CPU
		{7A7BE8A2-3C37-42D6-A2E0-B2422661427F}.Release|Any CPU.ActiveCfg = Release|Any CPU
		{7A7BE8A2-3C37-42D6-A2E0-B2422661427F}.Release|Any CPU.Build.0 = Release|Any CPU
		{A511DCE7-1FA4-46DC-B04E-01C4CCDD7F1C}.Debug|Any CPU.ActiveCfg = Debug|Any CPU
		{A511DCE7-1FA4-46DC-B04E-01C4CCDD7F1C}.Debug|Any CPU.Build.0 = Debug|Any CPU
		{A511DCE7-1FA4-46DC-B04E-01C4CCDD7F1C}.Release|Any CPU.ActiveCfg = Release|Any CPU
		{A511DCE7-1FA4-46DC-B04E-01C4CCDD7F1C}.Release|Any CPU.Build.0 = Release|Any CPU
		{8C98C28A-3F14-4876-B7DD-DC95313A3BA4}.Debug|Any CPU.ActiveCfg = Debug|Any CPU
		{8C98C28A-3F14-4876-B7DD-DC95313A3BA4}.Debug|Any CPU.Build.0 = Debug|Any CPU
		{8C98C28A-3F14-4876-B7DD-DC95313A3BA4}.Release|Any CPU.ActiveCfg = Release|Any CPU
		{8C98C28A-3F14-4876-B7DD-DC95313A3BA4}.Release|Any CPU.Build.0 = Release|Any CPU
		{5BFF8DF2-75AF-4358-AF5E-66AF97B76177}.Debug|Any CPU.ActiveCfg = Debug|Any CPU
		{5BFF8DF2-75AF-4358-AF5E-66AF97B76177}.Debug|Any CPU.Build.0 = Debug|Any CPU
		{5BFF8DF2-75AF-4358-AF5E-66AF97B76177}.Release|Any CPU.ActiveCfg = Release|Any CPU
		{5BFF8DF2-75AF-4358-AF5E-66AF97B76177}.Release|Any CPU.Build.0 = Release|Any CPU
		{0056C00D-0FDB-45D3-955B-ADD9DDABD543}.Debug|Any CPU.ActiveCfg = Debug|Any CPU
		{0056C00D-0FDB-45D3-955B-ADD9DDABD543}.Debug|Any CPU.Build.0 = Debug|Any CPU
		{0056C00D-0FDB-45D3-955B-ADD9DDABD543}.Release|Any CPU.ActiveCfg = Release|Any CPU
		{0056C00D-0FDB-45D3-955B-ADD9DDABD543}.Release|Any CPU.Build.0 = Release|Any CPU
		{120DB552-8E1C-4391-AFE8-FCE94639AEA3}.Debug|Any CPU.ActiveCfg = Debug|Any CPU
		{120DB552-8E1C-4391-AFE8-FCE94639AEA3}.Debug|Any CPU.Build.0 = Debug|Any CPU
		{120DB552-8E1C-4391-AFE8-FCE94639AEA3}.Release|Any CPU.ActiveCfg = Release|Any CPU
		{120DB552-8E1C-4391-AFE8-FCE94639AEA3}.Release|Any CPU.Build.0 = Release|Any CPU
		{2D5062E9-0355-4B03-80EF-FFC09F0CF9F0}.Debug|Any CPU.ActiveCfg = Debug|Any CPU
		{2D5062E9-0355-4B03-80EF-FFC09F0CF9F0}.Debug|Any CPU.Build.0 = Debug|Any CPU
		{2D5062E9-0355-4B03-80EF-FFC09F0CF9F0}.Release|Any CPU.ActiveCfg = Release|Any CPU
		{2D5062E9-0355-4B03-80EF-FFC09F0CF9F0}.Release|Any CPU.Build.0 = Release|Any CPU
		{5AE9DF20-7D4A-4B9D-93A2-BFBC2FB3334A}.Debug|Any CPU.ActiveCfg = Debug|Any CPU
		{5AE9DF20-7D4A-4B9D-93A2-BFBC2FB3334A}.Debug|Any CPU.Build.0 = Debug|Any CPU
		{5AE9DF20-7D4A-4B9D-93A2-BFBC2FB3334A}.Release|Any CPU.ActiveCfg = Release|Any CPU
		{5AE9DF20-7D4A-4B9D-93A2-BFBC2FB3334A}.Release|Any CPU.Build.0 = Release|Any CPU
		{CE8A7FEE-D6C7-43C6-851F-BEBA44B03B13}.Debug|Any CPU.ActiveCfg = Debug|Any CPU
		{CE8A7FEE-D6C7-43C6-851F-BEBA44B03B13}.Debug|Any CPU.Build.0 = Debug|Any CPU
		{CE8A7FEE-D6C7-43C6-851F-BEBA44B03B13}.Release|Any CPU.ActiveCfg = Release|Any CPU
		{CE8A7FEE-D6C7-43C6-851F-BEBA44B03B13}.Release|Any CPU.Build.0 = Release|Any CPU
		{5D15162D-62D4-4155-B947-9AE33C0D88FE}.Debug|Any CPU.ActiveCfg = Debug|Any CPU
		{5D15162D-62D4-4155-B947-9AE33C0D88FE}.Debug|Any CPU.Build.0 = Debug|Any CPU
		{5D15162D-62D4-4155-B947-9AE33C0D88FE}.Release|Any CPU.ActiveCfg = Release|Any CPU
		{5D15162D-62D4-4155-B947-9AE33C0D88FE}.Release|Any CPU.Build.0 = Release|Any CPU
		{C0F57639-9DF9-45FB-A97F-0D97CD8794D0}.Debug|Any CPU.ActiveCfg = Debug|Any CPU
		{C0F57639-9DF9-45FB-A97F-0D97CD8794D0}.Debug|Any CPU.Build.0 = Debug|Any CPU
		{C0F57639-9DF9-45FB-A97F-0D97CD8794D0}.Release|Any CPU.ActiveCfg = Release|Any CPU
		{C0F57639-9DF9-45FB-A97F-0D97CD8794D0}.Release|Any CPU.Build.0 = Release|Any CPU
		{8917CC91-01ED-47FA-86EE-9D61D94842AD}.Debug|Any CPU.ActiveCfg = Debug|Any CPU
		{8917CC91-01ED-47FA-86EE-9D61D94842AD}.Debug|Any CPU.Build.0 = Debug|Any CPU
		{8917CC91-01ED-47FA-86EE-9D61D94842AD}.Release|Any CPU.ActiveCfg = Release|Any CPU
		{8917CC91-01ED-47FA-86EE-9D61D94842AD}.Release|Any CPU.Build.0 = Release|Any CPU
		{FC373F90-5C77-40BF-AA74-6F28C2420A96}.Debug|Any CPU.ActiveCfg = Debug|Any CPU
		{FC373F90-5C77-40BF-AA74-6F28C2420A96}.Debug|Any CPU.Build.0 = Debug|Any CPU
		{FC373F90-5C77-40BF-AA74-6F28C2420A96}.Release|Any CPU.ActiveCfg = Release|Any CPU
		{FC373F90-5C77-40BF-AA74-6F28C2420A96}.Release|Any CPU.Build.0 = Release|Any CPU
		{61212FDD-0D51-41B8-96F2-0E0720B602D5}.Debug|Any CPU.ActiveCfg = Debug|Any CPU
		{61212FDD-0D51-41B8-96F2-0E0720B602D5}.Debug|Any CPU.Build.0 = Debug|Any CPU
		{61212FDD-0D51-41B8-96F2-0E0720B602D5}.Release|Any CPU.ActiveCfg = Release|Any CPU
		{61212FDD-0D51-41B8-96F2-0E0720B602D5}.Release|Any CPU.Build.0 = Release|Any CPU
		{092E16C8-378F-4CAB-BD79-471D011C4EA6}.Debug|Any CPU.ActiveCfg = Debug|Any CPU
		{092E16C8-378F-4CAB-BD79-471D011C4EA6}.Debug|Any CPU.Build.0 = Debug|Any CPU
		{092E16C8-378F-4CAB-BD79-471D011C4EA6}.Release|Any CPU.ActiveCfg = Release|Any CPU
		{092E16C8-378F-4CAB-BD79-471D011C4EA6}.Release|Any CPU.Build.0 = Release|Any CPU
		{B81D359D-0BF0-4F5B-8CF9-88A1ED84CF0F}.Debug|Any CPU.ActiveCfg = Debug|Any CPU
		{B81D359D-0BF0-4F5B-8CF9-88A1ED84CF0F}.Debug|Any CPU.Build.0 = Debug|Any CPU
		{B81D359D-0BF0-4F5B-8CF9-88A1ED84CF0F}.Release|Any CPU.ActiveCfg = Release|Any CPU
		{B81D359D-0BF0-4F5B-8CF9-88A1ED84CF0F}.Release|Any CPU.Build.0 = Release|Any CPU
		{6AD92330-3C2B-446A-A4DF-39B29C7E612B}.Debug|Any CPU.ActiveCfg = Debug|Any CPU
		{6AD92330-3C2B-446A-A4DF-39B29C7E612B}.Debug|Any CPU.Build.0 = Debug|Any CPU
		{6AD92330-3C2B-446A-A4DF-39B29C7E612B}.Release|Any CPU.ActiveCfg = Release|Any CPU
		{6AD92330-3C2B-446A-A4DF-39B29C7E612B}.Release|Any CPU.Build.0 = Release|Any CPU
		{2F8CA1E1-EC76-4FC4-A7AB-F78CFC0F2B4B}.Debug|Any CPU.ActiveCfg = Debug|Any CPU
		{2F8CA1E1-EC76-4FC4-A7AB-F78CFC0F2B4B}.Debug|Any CPU.Build.0 = Debug|Any CPU
		{2F8CA1E1-EC76-4FC4-A7AB-F78CFC0F2B4B}.Release|Any CPU.ActiveCfg = Release|Any CPU
		{2F8CA1E1-EC76-4FC4-A7AB-F78CFC0F2B4B}.Release|Any CPU.Build.0 = Release|Any CPU
		{BE578171-1030-4486-A7E5-14DE0D13F98D}.Debug|Any CPU.ActiveCfg = Debug|Any CPU
		{BE578171-1030-4486-A7E5-14DE0D13F98D}.Debug|Any CPU.Build.0 = Debug|Any CPU
		{BE578171-1030-4486-A7E5-14DE0D13F98D}.Release|Any CPU.ActiveCfg = Release|Any CPU
		{BE578171-1030-4486-A7E5-14DE0D13F98D}.Release|Any CPU.Build.0 = Release|Any CPU
		{84C33703-D8A7-48E1-91E6-25977BD28F9B}.Debug|Any CPU.ActiveCfg = Debug|Any CPU
		{84C33703-D8A7-48E1-91E6-25977BD28F9B}.Debug|Any CPU.Build.0 = Debug|Any CPU
		{84C33703-D8A7-48E1-91E6-25977BD28F9B}.Release|Any CPU.ActiveCfg = Release|Any CPU
		{84C33703-D8A7-48E1-91E6-25977BD28F9B}.Release|Any CPU.Build.0 = Release|Any CPU
		{F00AFC08-73B5-4DC3-BBC1-BAE4FBBE5BBF}.Debug|Any CPU.ActiveCfg = Debug|Any CPU
		{F00AFC08-73B5-4DC3-BBC1-BAE4FBBE5BBF}.Debug|Any CPU.Build.0 = Debug|Any CPU
		{F00AFC08-73B5-4DC3-BBC1-BAE4FBBE5BBF}.Release|Any CPU.ActiveCfg = Release|Any CPU
		{F00AFC08-73B5-4DC3-BBC1-BAE4FBBE5BBF}.Release|Any CPU.Build.0 = Release|Any CPU
		{69390558-E9D4-4584-B848-717E99475491}.Debug|Any CPU.ActiveCfg = Debug|Any CPU
		{69390558-E9D4-4584-B848-717E99475491}.Debug|Any CPU.Build.0 = Debug|Any CPU
		{69390558-E9D4-4584-B848-717E99475491}.Release|Any CPU.ActiveCfg = Release|Any CPU
		{69390558-E9D4-4584-B848-717E99475491}.Release|Any CPU.Build.0 = Release|Any CPU
	EndGlobalSection
	GlobalSection(SolutionProperties) = preSolution
		HideSolutionNode = FALSE
	EndGlobalSection
	GlobalSection(NestedProjects) = preSolution
		{E7B7BE23-5ABB-4327-B716-127A19E7B6E6} = {AA9582C1-FDE5-49F8-B2DB-3A461D31F7FD}
		{3F8405F6-45C3-4EEF-9E59-A8B206DE0AA2} = {AA9582C1-FDE5-49F8-B2DB-3A461D31F7FD}
		{EB3CF5AA-EC32-4723-81E5-C4A0C0525D05} = {6DE7EC63-A773-4991-A8AE-3633C788DAD4}
		{A5EE3349-B642-4CC7-B575-7C338821D63D} = {6DE7EC63-A773-4991-A8AE-3633C788DAD4}
		{5C28C004-F7BE-4F09-832F-CE8594B3231F} = {6DE7EC63-A773-4991-A8AE-3633C788DAD4}
		{AA9582C1-FDE5-49F8-B2DB-3A461D31F7FD} = {6DE7EC63-A773-4991-A8AE-3633C788DAD4}
		{5FCBDC4A-D94E-4883-A41D-C2579D21602D} = {6DE7EC63-A773-4991-A8AE-3633C788DAD4}
		{28EB3790-0E19-43AB-8ECB-6137EB0E588A} = {AA77692E-2A11-4668-8E05-3A50564EC28E}
		{7A7BE8A2-3C37-42D6-A2E0-B2422661427F} = {AA77692E-2A11-4668-8E05-3A50564EC28E}
		{A511DCE7-1FA4-46DC-B04E-01C4CCDD7F1C} = {AA77692E-2A11-4668-8E05-3A50564EC28E}
		{8C98C28A-3F14-4876-B7DD-DC95313A3BA4} = {AA77692E-2A11-4668-8E05-3A50564EC28E}
		{5BFF8DF2-75AF-4358-AF5E-66AF97B76177} = {AA77692E-2A11-4668-8E05-3A50564EC28E}
		{0056C00D-0FDB-45D3-955B-ADD9DDABD543} = {6DE7EC63-A773-4991-A8AE-3633C788DAD4}
		{120DB552-8E1C-4391-AFE8-FCE94639AEA3} = {AA77692E-2A11-4668-8E05-3A50564EC28E}
		{2E861FF8-567A-44AD-A17B-74626FB260C1} = {6DE7EC63-A773-4991-A8AE-3633C788DAD4}
		{2D5062E9-0355-4B03-80EF-FFC09F0CF9F0} = {2E861FF8-567A-44AD-A17B-74626FB260C1}
		{5AE9DF20-7D4A-4B9D-93A2-BFBC2FB3334A} = {2E861FF8-567A-44AD-A17B-74626FB260C1}
		{CE8A7FEE-D6C7-43C6-851F-BEBA44B03B13} = {6DE7EC63-A773-4991-A8AE-3633C788DAD4}
		{5D15162D-62D4-4155-B947-9AE33C0D88FE} = {6DE7EC63-A773-4991-A8AE-3633C788DAD4}
		{C0F57639-9DF9-45FB-A97F-0D97CD8794D0} = {9678D3AB-558B-42D9-A352-C819A02EC254}
		{8917CC91-01ED-47FA-86EE-9D61D94842AD} = {9678D3AB-558B-42D9-A352-C819A02EC254}
		{FC373F90-5C77-40BF-AA74-6F28C2420A96} = {9678D3AB-558B-42D9-A352-C819A02EC254}
		{61212FDD-0D51-41B8-96F2-0E0720B602D5} = {9678D3AB-558B-42D9-A352-C819A02EC254}
		{092E16C8-378F-4CAB-BD79-471D011C4EA6} = {9678D3AB-558B-42D9-A352-C819A02EC254}
		{B81D359D-0BF0-4F5B-8CF9-88A1ED84CF0F} = {9678D3AB-558B-42D9-A352-C819A02EC254}
		{6AD92330-3C2B-446A-A4DF-39B29C7E612B} = {9678D3AB-558B-42D9-A352-C819A02EC254}
		{2F8CA1E1-EC76-4FC4-A7AB-F78CFC0F2B4B} = {9678D3AB-558B-42D9-A352-C819A02EC254}
		{BE578171-1030-4486-A7E5-14DE0D13F98D} = {AA77692E-2A11-4668-8E05-3A50564EC28E}
		{84C33703-D8A7-48E1-91E6-25977BD28F9B} = {AA9582C1-FDE5-49F8-B2DB-3A461D31F7FD}
		{F00AFC08-73B5-4DC3-BBC1-BAE4FBBE5BBF} = {AA77692E-2A11-4668-8E05-3A50564EC28E}
		{69390558-E9D4-4584-B848-717E99475491} = {9678D3AB-558B-42D9-A352-C819A02EC254}
	EndGlobalSection
	GlobalSection(ExtensibilityGlobals) = postSolution
		SolutionGuid = {C9312716-0834-428D-96FC-C5B5D415298E}
	EndGlobalSection
	GlobalSection(TeamFoundationVersionControl) = preSolution
		SccNumberOfProjects = 30
		SccEnterpriseProvider = {4CA58AB2-18FA-4F8D-95D4-32DDF27D184C}
		SccTeamFoundationServer = http://developmentvlan:8585/tfs/vanrise.collection
		SccLocalPath0 = .
		SccProjectUniqueName1 = Vanrise.BusinessProcess.Data\\Vanrise.BusinessProcess.Data.csproj
		SccProjectTopLevelParentUniqueName1 = Vanrise.BusinessProcess.sln
		SccProjectName1 = Vanrise.BusinessProcess.Data
		SccLocalPath1 = Vanrise.BusinessProcess.Data
		SccProjectUniqueName2 = Vanrise.BusinessProcess.Data.SQL\\Vanrise.BusinessProcess.Data.SQL.csproj
		SccProjectTopLevelParentUniqueName2 = Vanrise.BusinessProcess.sln
		SccProjectName2 = Vanrise.BusinessProcess.Data.SQL
		SccLocalPath2 = Vanrise.BusinessProcess.Data.SQL
		SccProjectUniqueName3 = Vanrise.BusinessProcess.Entities\\Vanrise.BusinessProcess.Entities.csproj
		SccProjectTopLevelParentUniqueName3 = Vanrise.BusinessProcess.sln
		SccProjectName3 = Vanrise.BusinessProcess.Entities
		SccLocalPath3 = Vanrise.BusinessProcess.Entities
		SccProjectUniqueName4 = Vanrise.BusinessProcess\\Vanrise.BusinessProcess.csproj
		SccProjectTopLevelParentUniqueName4 = Vanrise.BusinessProcess.sln
		SccProjectName4 = Vanrise.BusinessProcess
		SccLocalPath4 = Vanrise.BusinessProcess
		SccProjectUniqueName5 = Vanrise.BusinessProcess.WFActivities\\Vanrise.BusinessProcess.WFActivities.csproj
		SccProjectTopLevelParentUniqueName5 = Vanrise.BusinessProcess.sln
		SccProjectName5 = Vanrise.BusinessProcess.WFActivities
		SccLocalPath5 = Vanrise.BusinessProcess.WFActivities
		SccProjectUniqueName6 = Vanrise.Business.WFActivities.Test\\Vanrise.BusinessProcess.WFActivities.Test.csproj
		SccProjectTopLevelParentUniqueName6 = Vanrise.BusinessProcess.sln
		SccProjectName6 = Vanrise.Business.WFActivities.Test
		SccLocalPath6 = Vanrise.Business.WFActivities.Test
		SccProjectUniqueName7 = Vanrise.Queueing\\Vanrise.Queueing.csproj
		SccProjectTopLevelParentUniqueName7 = Vanrise.BusinessProcess.sln
		SccProjectName7 = Vanrise.Queueing
		SccLocalPath7 = Vanrise.Queueing
		SccProjectUniqueName8 = Vanrise.Queueing.Data\\Vanrise.Queueing.Data.csproj
		SccProjectTopLevelParentUniqueName8 = Vanrise.BusinessProcess.sln
		SccProjectName8 = Vanrise.Queueing.Data
		SccLocalPath8 = Vanrise.Queueing.Data
		SccProjectUniqueName9 = Vanrise.Queueing.Entities\\Vanrise.Queueing.Entities.csproj
		SccProjectTopLevelParentUniqueName9 = Vanrise.BusinessProcess.sln
		SccProjectName9 = Vanrise.Queueing.Entities
		SccLocalPath9 = Vanrise.Queueing.Entities
		SccProjectUniqueName10 = Vanrise.Queueing.Data.SQL\\Vanrise.Queueing.Data.SQL.csproj
		SccProjectTopLevelParentUniqueName10 = Vanrise.BusinessProcess.sln
		SccProjectName10 = Vanrise.Queueing.Data.SQL
		SccLocalPath10 = Vanrise.Queueing.Data.SQL
		SccProjectUniqueName11 = Vanrise.Queueing.Extensions\\Vanrise.Queueing.Extensions.csproj
		SccProjectTopLevelParentUniqueName11 = Vanrise.BusinessProcess.sln
		SccProjectName11 = Vanrise.Queueing.Extensions
		SccLocalPath11 = Vanrise.Queueing.Extensions
		SccProjectUniqueName12 = Vanrise.BusinessProcess.Web\\Vanrise.BusinessProcess.Web.csproj
		SccProjectTopLevelParentUniqueName12 = Vanrise.BusinessProcess.sln
		SccProjectName12 = Vanrise.BusinessProcess.Web
		SccLocalPath12 = Vanrise.BusinessProcess.Web
		SccProjectUniqueName13 = Vanrise.Queueing.Web\\Vanrise.Queueing.Web.csproj
		SccProjectTopLevelParentUniqueName13 = Vanrise.BusinessProcess.sln
		SccProjectName13 = Vanrise.Queueing.Web
		SccLocalPath13 = Vanrise.Queueing.Web
		SccProjectUniqueName14 = Vanrise.BusinessProcess.Extensions.WFTaskAction\\Vanrise.BusinessProcess.Extensions.WFTaskAction.csproj
		SccProjectTopLevelParentUniqueName14 = Vanrise.BusinessProcess.sln
		SccProjectName14 = Vanrise.BusinessProcess.Extensions.WFTaskAction
		SccLocalPath14 = Vanrise.BusinessProcess.Extensions.WFTaskAction
		SccProjectUniqueName15 = Vanrise.BusinessProcess.Extensions.WFTaskAction.Arguments\\Vanrise.BusinessProcess.Extensions.WFTaskAction.Arguments.csproj
		SccProjectTopLevelParentUniqueName15 = Vanrise.BusinessProcess.sln
		SccProjectName15 = Vanrise.BusinessProcess.Extensions.WFTaskAction.Arguments
		SccLocalPath15 = Vanrise.BusinessProcess.Extensions.WFTaskAction.Arguments
		SccProjectUniqueName16 = Vanrise.BusinessProcess.Business\\Vanrise.BusinessProcess.Business.csproj
		SccProjectTopLevelParentUniqueName16 = Vanrise.BusinessProcess.sln
		SccProjectName16 = Vanrise.BusinessProcess.Business
		SccLocalPath16 = Vanrise.BusinessProcess.Business
		SccProjectUniqueName17 = Vanrise.BusinessProcess.MainExtensions\\Vanrise.BusinessProcess.MainExtensions.csproj
		SccProjectTopLevelParentUniqueName17 = Vanrise.BusinessProcess.sln
		SccProjectName17 = Vanrise.BusinessProcess.MainExtensions
		SccLocalPath17 = Vanrise.BusinessProcess.MainExtensions
		SccProjectUniqueName18 = Vanrise.Reprocess.Entities\\Vanrise.Reprocess.Entities.csproj
		SccProjectTopLevelParentUniqueName18 = Vanrise.BusinessProcess.sln
		SccProjectName18 = Vanrise.Reprocess.Entities
		SccLocalPath18 = Vanrise.Reprocess.Entities
		SccProjectUniqueName19 = Vanrise.Reprocess.BP\\Vanrise.Reprocess.BP.csproj
		SccProjectTopLevelParentUniqueName19 = Vanrise.BusinessProcess.sln
		SccProjectName19 = Vanrise.Reprocess.BP
		SccLocalPath19 = Vanrise.Reprocess.BP
		SccProjectUniqueName20 = Vanrise.Reprocess.BP.Activities\\Vanrise.Reprocess.BP.Activities.csproj
		SccProjectTopLevelParentUniqueName20 = Vanrise.BusinessProcess.sln
		SccProjectName20 = Vanrise.Reprocess.BP.Activities
		SccLocalPath20 = Vanrise.Reprocess.BP.Activities
		SccProjectUniqueName21 = Vanrise.Reprocess.BP.Arguments\\Vanrise.Reprocess.BP.Arguments.csproj
		SccProjectTopLevelParentUniqueName21 = Vanrise.BusinessProcess.sln
		SccProjectName21 = Vanrise.Reprocess.BP.Arguments
		SccLocalPath21 = Vanrise.Reprocess.BP.Arguments
		SccProjectUniqueName22 = Vanrise.Reprocess.Business\\Vanrise.Reprocess.Business.csproj
		SccProjectTopLevelParentUniqueName22 = Vanrise.BusinessProcess.sln
		SccProjectName22 = Vanrise.Reprocess.Business
		SccLocalPath22 = Vanrise.Reprocess.Business
		SccProjectUniqueName23 = Vanrise.Reprocess.Data\\Vanrise.Reprocess.Data.csproj
		SccProjectTopLevelParentUniqueName23 = Vanrise.BusinessProcess.sln
		SccProjectName23 = Vanrise.Reprocess.Data
		SccLocalPath23 = Vanrise.Reprocess.Data
		SccProjectUniqueName24 = Vanrise.Reprocess.Data.SQL\\Vanrise.Reprocess.Data.SQL.csproj
		SccProjectTopLevelParentUniqueName24 = Vanrise.BusinessProcess.sln
		SccProjectName24 = Vanrise.Reprocess.Data.SQL
		SccLocalPath24 = Vanrise.Reprocess.Data.SQL
		SccProjectUniqueName25 = Vanrise.Reprocess.Web\\Vanrise.Reprocess.Web.csproj
		SccProjectTopLevelParentUniqueName25 = Vanrise.BusinessProcess.sln
		SccProjectName25 = Vanrise.Reprocess.Web
		SccLocalPath25 = Vanrise.Reprocess.Web
		SccProjectUniqueName26 = Vanrise.Queueing.BP.Activities\\Vanrise.Queueing.BP.Activities.csproj
		SccProjectTopLevelParentUniqueName26 = Vanrise.BusinessProcess.sln
		SccProjectName26 = Vanrise.Queueing.BP.Activities
		SccLocalPath26 = Vanrise.Queueing.BP.Activities
		SccProjectUniqueName27 = Vanrise.BusinessProcess.Data.RDB\\Vanrise.BusinessProcess.Data.RDB.csproj
		SccProjectTopLevelParentUniqueName27 = Vanrise.BusinessProcess.sln
		SccProjectName27 = Vanrise.BusinessProcess.Data.RDB
		SccLocalPath27 = Vanrise.BusinessProcess.Data.RDB
		SccProjectUniqueName28 = Vanrise.Queueing.Data.RDB\\Vanrise.Queueing.Data.RDB.csproj
		SccProjectTopLevelParentUniqueName28 = Vanrise.BusinessProcess.sln
		SccProjectName28 = Vanrise.Queueing.Data.RDB
		SccLocalPath28 = Vanrise.Queueing.Data.RDB
		SccProjectUniqueName29 = Vanrise.Reprocess.Data.RDB\\Vanrise.Reprocess.Data.RDB.csproj
		SccProjectTopLevelParentUniqueName29 = Vanrise.BusinessProcess.sln
		SccProjectName29 = Vanrise.Reprocess.Data.RDB
		SccLocalPath29 = Vanrise.Reprocess.Data.RDB
	EndGlobalSection
EndGlobal
