
Microsoft Visual Studio Solution File, Format Version 12.00
# Visual Studio 2013
VisualStudioVersion = 12.0.21005.1
MinimumVisualStudioVersion = 10.0.40219.1
Project("{FAE04EC0-301F-11D3-BF4B-00C04F79EFBC}") = "Vanrise.BusinessProcess.Data", "Vanrise.BusinessProcess.Data\Vanrise.BusinessProcess.Data.csproj", "{E7B7BE23-5ABB-4327-B716-127A19E7B6E6}"
EndProject
Project("{FAE04EC0-301F-11D3-BF4B-00C04F79EFBC}") = "Vanrise.BusinessProcess.Data.SQL", "Vanrise.BusinessProcess.Data.SQL\Vanrise.BusinessProcess.Data.SQL.csproj", "{3F8405F6-45C3-4EEF-9E59-A8B206DE0AA2}"
EndProject
Project("{FAE04EC0-301F-11D3-BF4B-00C04F79EFBC}") = "Vanrise.BusinessProcess.Entities", "Vanrise.BusinessProcess.Entities\Vanrise.BusinessProcess.Entities.csproj", "{EB3CF5AA-EC32-4723-81E5-C4A0C0525D05}"
EndProject
Project("{FAE04EC0-301F-11D3-BF4B-00C04F79EFBC}") = "Vanrise.BusinessProcess", "Vanrise.BusinessProcess\Vanrise.BusinessProcess.csproj", "{A5EE3349-B642-4CC7-B575-7C338821D63D}"
EndProject
Project("{FAE04EC0-301F-11D3-BF4B-00C04F79EFBC}") = "Vanrise.BusinessProcess.WFActivities", "Vanrise.BusinessProcess.WFActivities\Vanrise.BusinessProcess.WFActivities.csproj", "{5C28C004-F7BE-4F09-832F-CE8594B3231F}"
EndProject
Project("{00D1A9C2-B5F0-4AF3-8072-F6C62B433612}") = "Vanrise.BusinessProcess.SQLTransactionDatabase", "Vanrise.BusinessProcess.SQLTransactionDatabase\Vanrise.BusinessProcess.SQLTransactionDatabase.sqlproj", "{6386587A-5272-42B3-A156-7FAA8116F3A8}"
EndProject
Project("{00D1A9C2-B5F0-4AF3-8072-F6C62B433612}") = "Vanrise.BusinessProcess.SQLTrackingDatabase", "Vanrise.BusinessProcess.SQLTrackingDatabase\Vanrise.BusinessProcess.SQLTrackingDatabase.sqlproj", "{D34EC1AA-9B14-4000-A6E4-0A4CD23EE87A}"
EndProject
Project("{2150E333-8FDC-42A3-9474-1A3956D46DE8}") = "SQL Database Projects", "SQL Database Projects", "{519AC3E3-8FFA-4AF6-90E9-123BB54837F5}"
EndProject
Project("{2150E333-8FDC-42A3-9474-1A3956D46DE8}") = "Data Access Layer", "Data Access Layer", "{AA9582C1-FDE5-49F8-B2DB-3A461D31F7FD}"
EndProject
Project("{FAE04EC0-301F-11D3-BF4B-00C04F79EFBC}") = "Vanrise.BusinessProcess.WFActivities.Test", "Vanrise.Business.WFActivities.Test\Vanrise.BusinessProcess.WFActivities.Test.csproj", "{5FCBDC4A-D94E-4883-A41D-C2579D21602D}"
EndProject
Project("{FAE04EC0-301F-11D3-BF4B-00C04F79EFBC}") = "Vanrise.Queueing", "Vanrise.Queueing\Vanrise.Queueing.csproj", "{28EB3790-0E19-43AB-8ECB-6137EB0E588A}"
EndProject
Project("{2150E333-8FDC-42A3-9474-1A3956D46DE8}") = "Queueing", "Queueing", "{AA77692E-2A11-4668-8E05-3A50564EC28E}"
EndProject
Project("{2150E333-8FDC-42A3-9474-1A3956D46DE8}") = "Business Process", "Business Process", "{6DE7EC63-A773-4991-A8AE-3633C788DAD4}"
EndProject
Project("{FAE04EC0-301F-11D3-BF4B-00C04F79EFBC}") = "Vanrise.Queueing.Data", "Vanrise.Queueing.Data\Vanrise.Queueing.Data.csproj", "{7A7BE8A2-3C37-42D6-A2E0-B2422661427F}"
EndProject
Project("{FAE04EC0-301F-11D3-BF4B-00C04F79EFBC}") = "Vanrise.Queueing.Entities", "Vanrise.Queueing.Entities\Vanrise.Queueing.Entities.csproj", "{A511DCE7-1FA4-46DC-B04E-01C4CCDD7F1C}"
EndProject
Project("{FAE04EC0-301F-11D3-BF4B-00C04F79EFBC}") = "Vanrise.Queueing.Data.SQL", "Vanrise.Queueing.Data.SQL\Vanrise.Queueing.Data.SQL.csproj", "{8C98C28A-3F14-4876-B7DD-DC95313A3BA4}"
EndProject
Project("{00D1A9C2-B5F0-4AF3-8072-F6C62B433612}") = "Vanrise.Queueing.SQLQueueDatabase", "Vanrise.Queueing.SQLQueueDatabase\Vanrise.Queueing.SQLQueueDatabase.sqlproj", "{151DCD8D-1050-493B-BC05-A34F8CA12D60}"
EndProject
Project("{00D1A9C2-B5F0-4AF3-8072-F6C62B433612}") = "Vanrise.Queueing.SQLQueueItemDatabase", "Vanrise.Queueing.SQLQueueItemDatabase\Vanrise.Queueing.SQLQueueItemDatabase.sqlproj", "{B8BD1FB9-E6B0-42CC-A032-544C9FB088C3}"
EndProject
Project("{2150E333-8FDC-42A3-9474-1A3956D46DE8}") = "SQL Database Projects", "SQL Database Projects", "{34325F95-5BD5-4908-AF96-0BB001CAA55F}"
EndProject
Project("{FAE04EC0-301F-11D3-BF4B-00C04F79EFBC}") = "Vanrise.Queueing.Extensions", "Vanrise.Queueing.Extensions\Vanrise.Queueing.Extensions.csproj", "{5BFF8DF2-75AF-4358-AF5E-66AF97B76177}"
EndProject
Project("{FAE04EC0-301F-11D3-BF4B-00C04F79EFBC}") = "Vanrise.BusinessProcess.Client", "Vanrise.BusinessProcess.Client\Vanrise.BusinessProcess.Client.csproj", "{F5064A23-6E52-43DA-AFFA-71425942EBF8}"
EndProject
Project("{FAE04EC0-301F-11D3-BF4B-00C04F79EFBC}") = "Vanrise.BusinessProcess.Web", "Vanrise.BusinessProcess.Web\Vanrise.BusinessProcess.Web.csproj", "{0056C00D-0FDB-45D3-955B-ADD9DDABD543}"
EndProject
Project("{FAE04EC0-301F-11D3-BF4B-00C04F79EFBC}") = "Vanrise.Queueing.Web", "Vanrise.Queueing.Web\Vanrise.Queueing.Web.csproj", "{120DB552-8E1C-4391-AFE8-FCE94639AEA3}"
EndProject
Project("{2150E333-8FDC-42A3-9474-1A3956D46DE8}") = "Extensions", "Extensions", "{2E861FF8-567A-44AD-A17B-74626FB260C1}"
EndProject
Project("{FAE04EC0-301F-11D3-BF4B-00C04F79EFBC}") = "Vanrise.BusinessProcess.Extensions.WFTaskAction", "Vanrise.BusinessProcess.Extensions.WFTaskAction\Vanrise.BusinessProcess.Extensions.WFTaskAction.csproj", "{2D5062E9-0355-4B03-80EF-FFC09F0CF9F0}"
EndProject
Project("{FAE04EC0-301F-11D3-BF4B-00C04F79EFBC}") = "Vanrise.BusinessProcess.Extensions.WFTaskAction.Arguments", "Vanrise.BusinessProcess.Extensions.WFTaskAction.Arguments\Vanrise.BusinessProcess.Extensions.WFTaskAction.Arguments.csproj", "{5AE9DF20-7D4A-4B9D-93A2-BFBC2FB3334A}"
EndProject
Global
	GlobalSection(TeamFoundationVersionControl) = preSolution
		SccNumberOfProjects = 21
		SccEnterpriseProvider = {4CA58AB2-18FA-4F8D-95D4-32DDF27D184C}
		SccTeamFoundationServer = http://development_vlan:8585/tfs/vanrise.collection
		SccLocalPath0 = .
		SccProjectUniqueName1 = Vanrise.BusinessProcess.Data\\Vanrise.BusinessProcess.Data.csproj
		SccProjectTopLevelParentUniqueName1 = Vanrise.BusinessProcess.sln
		SccProjectName1 = Vanrise.BusinessProcess.Data
		SccLocalPath1 = Vanrise.BusinessProcess.Data
		SccProjectUniqueName2 = Vanrise.BusinessProcess.Data.SQL\\Vanrise.BusinessProcess.Data.SQL.csproj
		SccProjectTopLevelParentUniqueName2 = Vanrise.BusinessProcess.sln
		SccProjectName2 = Vanrise.BusinessProcess.Data.SQL
		SccLocalPath2 = Vanrise.BusinessProcess.Data.SQL
		SccProjectUniqueName3 = Vanrise.BusinessProcess.Entities\\Vanrise.BusinessProcess.Entities.csproj
		SccProjectTopLevelParentUniqueName3 = Vanrise.BusinessProcess.sln
		SccProjectName3 = Vanrise.BusinessProcess.Entities
		SccLocalPath3 = Vanrise.BusinessProcess.Entities
		SccProjectUniqueName4 = Vanrise.BusinessProcess\\Vanrise.BusinessProcess.csproj
		SccProjectTopLevelParentUniqueName4 = Vanrise.BusinessProcess.sln
		SccProjectName4 = Vanrise.BusinessProcess
		SccLocalPath4 = Vanrise.BusinessProcess
		SccProjectUniqueName5 = Vanrise.BusinessProcess.WFActivities\\Vanrise.BusinessProcess.WFActivities.csproj
		SccProjectTopLevelParentUniqueName5 = Vanrise.BusinessProcess.sln
		SccProjectName5 = Vanrise.BusinessProcess.WFActivities
		SccLocalPath5 = Vanrise.BusinessProcess.WFActivities
		SccProjectUniqueName6 = Vanrise.BusinessProcess.SQLTransactionDatabase\\Vanrise.BusinessProcess.SQLTransactionDatabase.sqlproj
		SccProjectTopLevelParentUniqueName6 = Vanrise.BusinessProcess.sln
		SccProjectName6 = Vanrise.BusinessProcess.SQLTransactionDatabase
		SccLocalPath6 = Vanrise.BusinessProcess.SQLTransactionDatabase
		SccProjectUniqueName7 = Vanrise.BusinessProcess.SQLTrackingDatabase\\Vanrise.BusinessProcess.SQLTrackingDatabase.sqlproj
		SccProjectTopLevelParentUniqueName7 = Vanrise.BusinessProcess.sln
		SccProjectName7 = Vanrise.BusinessProcess.SQLTrackingDatabase
		SccLocalPath7 = Vanrise.BusinessProcess.SQLTrackingDatabase
		SccProjectUniqueName8 = Vanrise.Business.WFActivities.Test\\Vanrise.BusinessProcess.WFActivities.Test.csproj
		SccProjectTopLevelParentUniqueName8 = Vanrise.BusinessProcess.sln
		SccProjectName8 = Vanrise.Business.WFActivities.Test
		SccLocalPath8 = Vanrise.Business.WFActivities.Test
		SccProjectUniqueName9 = Vanrise.Queueing\\Vanrise.Queueing.csproj
		SccProjectTopLevelParentUniqueName9 = Vanrise.BusinessProcess.sln
		SccProjectName9 = Vanrise.Queueing
		SccLocalPath9 = Vanrise.Queueing
		SccProjectUniqueName10 = Vanrise.Queueing.Data\\Vanrise.Queueing.Data.csproj
		SccProjectTopLevelParentUniqueName10 = Vanrise.BusinessProcess.sln
		SccProjectName10 = Vanrise.Queueing.Data
		SccLocalPath10 = Vanrise.Queueing.Data
		SccProjectUniqueName11 = Vanrise.Queueing.Entities\\Vanrise.Queueing.Entities.csproj
		SccProjectTopLevelParentUniqueName11 = Vanrise.BusinessProcess.sln
		SccProjectName11 = Vanrise.Queueing.Entities
		SccLocalPath11 = Vanrise.Queueing.Entities
		SccProjectUniqueName12 = Vanrise.Queueing.Data.SQL\\Vanrise.Queueing.Data.SQL.csproj
		SccProjectTopLevelParentUniqueName12 = Vanrise.BusinessProcess.sln
		SccProjectName12 = Vanrise.Queueing.Data.SQL
		SccLocalPath12 = Vanrise.Queueing.Data.SQL
		SccProjectUniqueName13 = Vanrise.Queueing.SQLQueueDatabase\\Vanrise.Queueing.SQLQueueDatabase.sqlproj
		SccProjectTopLevelParentUniqueName13 = Vanrise.BusinessProcess.sln
		SccProjectName13 = Vanrise.Queueing.SQLQueueDatabase
		SccLocalPath13 = Vanrise.Queueing.SQLQueueDatabase
		SccProjectUniqueName14 = Vanrise.Queueing.SQLQueueItemDatabase\\Vanrise.Queueing.SQLQueueItemDatabase.sqlproj
		SccProjectTopLevelParentUniqueName14 = Vanrise.BusinessProcess.sln
		SccProjectName14 = Vanrise.Queueing.SQLQueueItemDatabase
		SccLocalPath14 = Vanrise.Queueing.SQLQueueItemDatabase
		SccProjectUniqueName15 = Vanrise.Queueing.Extensions\\Vanrise.Queueing.Extensions.csproj
		SccProjectTopLevelParentUniqueName15 = Vanrise.BusinessProcess.sln
		SccProjectName15 = Vanrise.Queueing.Extensions
		SccLocalPath15 = Vanrise.Queueing.Extensions
		SccProjectUniqueName16 = Vanrise.BusinessProcess.Client\\Vanrise.BusinessProcess.Client.csproj
		SccProjectTopLevelParentUniqueName16 = Vanrise.BusinessProcess.sln
		SccProjectName16 = Vanrise.BusinessProcess.Client
		SccLocalPath16 = Vanrise.BusinessProcess.Client
		SccProjectUniqueName17 = Vanrise.BusinessProcess.Web\\Vanrise.BusinessProcess.Web.csproj
		SccProjectTopLevelParentUniqueName17 = Vanrise.BusinessProcess.sln
		SccProjectName17 = Vanrise.BusinessProcess.Web
		SccLocalPath17 = Vanrise.BusinessProcess.Web
		SccProjectUniqueName18 = Vanrise.Queueing.Web\\Vanrise.Queueing.Web.csproj
		SccProjectTopLevelParentUniqueName18 = Vanrise.BusinessProcess.sln
		SccProjectName18 = Vanrise.Queueing.Web
		SccLocalPath18 = Vanrise.Queueing.Web
		SccProjectUniqueName19 = Vanrise.BusinessProcess.Extensions.WFTaskAction\\Vanrise.BusinessProcess.Extensions.WFTaskAction.csproj
		SccProjectTopLevelParentUniqueName19 = Vanrise.BusinessProcess.sln
		SccProjectName19 = Vanrise.BusinessProcess.Extensions.WFTaskAction
		SccLocalPath19 = Vanrise.BusinessProcess.Extensions.WFTaskAction
		SccProjectUniqueName20 = Vanrise.BusinessProcess.Extensions.WFTaskAction.Arguments\\Vanrise.BusinessProcess.Extensions.WFTaskAction.Arguments.csproj
		SccProjectTopLevelParentUniqueName20 = Vanrise.BusinessProcess.sln
		SccProjectName20 = Vanrise.BusinessProcess.Extensions.WFTaskAction.Arguments
		SccLocalPath20 = Vanrise.BusinessProcess.Extensions.WFTaskAction.Arguments
	EndGlobalSection
	GlobalSection(SolutionConfigurationPlatforms) = preSolution
		Debug|Any CPU = Debug|Any CPU
		Release|Any CPU = Release|Any CPU
	EndGlobalSection
	GlobalSection(ProjectConfigurationPlatforms) = postSolution
		{E7B7BE23-5ABB-4327-B716-127A19E7B6E6}.Debug|Any CPU.ActiveCfg = Debug|Any CPU
		{E7B7BE23-5ABB-4327-B716-127A19E7B6E6}.Debug|Any CPU.Build.0 = Debug|Any CPU
		{E7B7BE23-5ABB-4327-B716-127A19E7B6E6}.Release|Any CPU.ActiveCfg = Release|Any CPU
		{E7B7BE23-5ABB-4327-B716-127A19E7B6E6}.Release|Any CPU.Build.0 = Release|Any CPU
		{3F8405F6-45C3-4EEF-9E59-A8B206DE0AA2}.Debug|Any CPU.ActiveCfg = Debug|Any CPU
		{3F8405F6-45C3-4EEF-9E59-A8B206DE0AA2}.Debug|Any CPU.Build.0 = Debug|Any CPU
		{3F8405F6-45C3-4EEF-9E59-A8B206DE0AA2}.Release|Any CPU.ActiveCfg = Release|Any CPU
		{3F8405F6-45C3-4EEF-9E59-A8B206DE0AA2}.Release|Any CPU.Build.0 = Release|Any CPU
		{EB3CF5AA-EC32-4723-81E5-C4A0C0525D05}.Debug|Any CPU.ActiveCfg = Debug|Any CPU
		{EB3CF5AA-EC32-4723-81E5-C4A0C0525D05}.Debug|Any CPU.Build.0 = Debug|Any CPU
		{EB3CF5AA-EC32-4723-81E5-C4A0C0525D05}.Release|Any CPU.ActiveCfg = Release|Any CPU
		{EB3CF5AA-EC32-4723-81E5-C4A0C0525D05}.Release|Any CPU.Build.0 = Release|Any CPU
		{A5EE3349-B642-4CC7-B575-7C338821D63D}.Debug|Any CPU.ActiveCfg = Debug|Any CPU
		{A5EE3349-B642-4CC7-B575-7C338821D63D}.Debug|Any CPU.Build.0 = Debug|Any CPU
		{A5EE3349-B642-4CC7-B575-7C338821D63D}.Release|Any CPU.ActiveCfg = Release|Any CPU
		{A5EE3349-B642-4CC7-B575-7C338821D63D}.Release|Any CPU.Build.0 = Release|Any CPU
		{5C28C004-F7BE-4F09-832F-CE8594B3231F}.Debug|Any CPU.ActiveCfg = Debug|Any CPU
		{5C28C004-F7BE-4F09-832F-CE8594B3231F}.Debug|Any CPU.Build.0 = Debug|Any CPU
		{5C28C004-F7BE-4F09-832F-CE8594B3231F}.Release|Any CPU.ActiveCfg = Release|Any CPU
		{5C28C004-F7BE-4F09-832F-CE8594B3231F}.Release|Any CPU.Build.0 = Release|Any CPU
		{6386587A-5272-42B3-A156-7FAA8116F3A8}.Debug|Any CPU.ActiveCfg = Debug|Any CPU
		{6386587A-5272-42B3-A156-7FAA8116F3A8}.Debug|Any CPU.Build.0 = Debug|Any CPU
		{6386587A-5272-42B3-A156-7FAA8116F3A8}.Debug|Any CPU.Deploy.0 = Debug|Any CPU
		{6386587A-5272-42B3-A156-7FAA8116F3A8}.Release|Any CPU.ActiveCfg = Release|Any CPU
		{6386587A-5272-42B3-A156-7FAA8116F3A8}.Release|Any CPU.Build.0 = Release|Any CPU
		{6386587A-5272-42B3-A156-7FAA8116F3A8}.Release|Any CPU.Deploy.0 = Release|Any CPU
		{D34EC1AA-9B14-4000-A6E4-0A4CD23EE87A}.Debug|Any CPU.ActiveCfg = Debug|Any CPU
		{D34EC1AA-9B14-4000-A6E4-0A4CD23EE87A}.Debug|Any CPU.Build.0 = Debug|Any CPU
		{D34EC1AA-9B14-4000-A6E4-0A4CD23EE87A}.Debug|Any CPU.Deploy.0 = Debug|Any CPU
		{D34EC1AA-9B14-4000-A6E4-0A4CD23EE87A}.Release|Any CPU.ActiveCfg = Release|Any CPU
		{D34EC1AA-9B14-4000-A6E4-0A4CD23EE87A}.Release|Any CPU.Build.0 = Release|Any CPU
		{D34EC1AA-9B14-4000-A6E4-0A4CD23EE87A}.Release|Any CPU.Deploy.0 = Release|Any CPU
		{5FCBDC4A-D94E-4883-A41D-C2579D21602D}.Debug|Any CPU.ActiveCfg = Debug|Any CPU
		{5FCBDC4A-D94E-4883-A41D-C2579D21602D}.Debug|Any CPU.Build.0 = Debug|Any CPU
		{5FCBDC4A-D94E-4883-A41D-C2579D21602D}.Release|Any CPU.ActiveCfg = Release|Any CPU
		{5FCBDC4A-D94E-4883-A41D-C2579D21602D}.Release|Any CPU.Build.0 = Release|Any CPU
		{28EB3790-0E19-43AB-8ECB-6137EB0E588A}.Debug|Any CPU.ActiveCfg = Debug|Any CPU
		{28EB3790-0E19-43AB-8ECB-6137EB0E588A}.Debug|Any CPU.Build.0 = Debug|Any CPU
		{28EB3790-0E19-43AB-8ECB-6137EB0E588A}.Release|Any CPU.ActiveCfg = Release|Any CPU
		{28EB3790-0E19-43AB-8ECB-6137EB0E588A}.Release|Any CPU.Build.0 = Release|Any CPU
		{7A7BE8A2-3C37-42D6-A2E0-B2422661427F}.Debug|Any CPU.ActiveCfg = Debug|Any CPU
		{7A7BE8A2-3C37-42D6-A2E0-B2422661427F}.Debug|Any CPU.Build.0 = Debug|Any CPU
		{7A7BE8A2-3C37-42D6-A2E0-B2422661427F}.Release|Any CPU.ActiveCfg = Release|Any CPU
		{7A7BE8A2-3C37-42D6-A2E0-B2422661427F}.Release|Any CPU.Build.0 = Release|Any CPU
		{A511DCE7-1FA4-46DC-B04E-01C4CCDD7F1C}.Debug|Any CPU.ActiveCfg = Debug|Any CPU
		{A511DCE7-1FA4-46DC-B04E-01C4CCDD7F1C}.Debug|Any CPU.Build.0 = Debug|Any CPU
		{A511DCE7-1FA4-46DC-B04E-01C4CCDD7F1C}.Release|Any CPU.ActiveCfg = Release|Any CPU
		{A511DCE7-1FA4-46DC-B04E-01C4CCDD7F1C}.Release|Any CPU.Build.0 = Release|Any CPU
		{8C98C28A-3F14-4876-B7DD-DC95313A3BA4}.Debug|Any CPU.ActiveCfg = Debug|Any CPU
		{8C98C28A-3F14-4876-B7DD-DC95313A3BA4}.Debug|Any CPU.Build.0 = Debug|Any CPU
		{8C98C28A-3F14-4876-B7DD-DC95313A3BA4}.Release|Any CPU.ActiveCfg = Release|Any CPU
		{8C98C28A-3F14-4876-B7DD-DC95313A3BA4}.Release|Any CPU.Build.0 = Release|Any CPU
		{151DCD8D-1050-493B-BC05-A34F8CA12D60}.Debug|Any CPU.ActiveCfg = Debug|Any CPU
		{151DCD8D-1050-493B-BC05-A34F8CA12D60}.Debug|Any CPU.Build.0 = Debug|Any CPU
		{151DCD8D-1050-493B-BC05-A34F8CA12D60}.Debug|Any CPU.Deploy.0 = Debug|Any CPU
		{151DCD8D-1050-493B-BC05-A34F8CA12D60}.Release|Any CPU.ActiveCfg = Release|Any CPU
		{151DCD8D-1050-493B-BC05-A34F8CA12D60}.Release|Any CPU.Build.0 = Release|Any CPU
		{151DCD8D-1050-493B-BC05-A34F8CA12D60}.Release|Any CPU.Deploy.0 = Release|Any CPU
		{B8BD1FB9-E6B0-42CC-A032-544C9FB088C3}.Debug|Any CPU.ActiveCfg = Debug|Any CPU
		{B8BD1FB9-E6B0-42CC-A032-544C9FB088C3}.Debug|Any CPU.Build.0 = Debug|Any CPU
		{B8BD1FB9-E6B0-42CC-A032-544C9FB088C3}.Debug|Any CPU.Deploy.0 = Debug|Any CPU
		{B8BD1FB9-E6B0-42CC-A032-544C9FB088C3}.Release|Any CPU.ActiveCfg = Release|Any CPU
		{B8BD1FB9-E6B0-42CC-A032-544C9FB088C3}.Release|Any CPU.Build.0 = Release|Any CPU
		{B8BD1FB9-E6B0-42CC-A032-544C9FB088C3}.Release|Any CPU.Deploy.0 = Release|Any CPU
		{5BFF8DF2-75AF-4358-AF5E-66AF97B76177}.Debug|Any CPU.ActiveCfg = Debug|Any CPU
		{5BFF8DF2-75AF-4358-AF5E-66AF97B76177}.Debug|Any CPU.Build.0 = Debug|Any CPU
		{5BFF8DF2-75AF-4358-AF5E-66AF97B76177}.Release|Any CPU.ActiveCfg = Release|Any CPU
		{5BFF8DF2-75AF-4358-AF5E-66AF97B76177}.Release|Any CPU.Build.0 = Release|Any CPU
		{F5064A23-6E52-43DA-AFFA-71425942EBF8}.Debug|Any CPU.ActiveCfg = Debug|Any CPU
		{F5064A23-6E52-43DA-AFFA-71425942EBF8}.Debug|Any CPU.Build.0 = Debug|Any CPU
		{F5064A23-6E52-43DA-AFFA-71425942EBF8}.Release|Any CPU.ActiveCfg = Release|Any CPU
		{F5064A23-6E52-43DA-AFFA-71425942EBF8}.Release|Any CPU.Build.0 = Release|Any CPU
		{0056C00D-0FDB-45D3-955B-ADD9DDABD543}.Debug|Any CPU.ActiveCfg = Debug|Any CPU
		{0056C00D-0FDB-45D3-955B-ADD9DDABD543}.Debug|Any CPU.Build.0 = Debug|Any CPU
		{0056C00D-0FDB-45D3-955B-ADD9DDABD543}.Release|Any CPU.ActiveCfg = Release|Any CPU
		{0056C00D-0FDB-45D3-955B-ADD9DDABD543}.Release|Any CPU.Build.0 = Release|Any CPU
		{120DB552-8E1C-4391-AFE8-FCE94639AEA3}.Debug|Any CPU.ActiveCfg = Debug|Any CPU
		{120DB552-8E1C-4391-AFE8-FCE94639AEA3}.Debug|Any CPU.Build.0 = Debug|Any CPU
		{120DB552-8E1C-4391-AFE8-FCE94639AEA3}.Release|Any CPU.ActiveCfg = Release|Any CPU
		{120DB552-8E1C-4391-AFE8-FCE94639AEA3}.Release|Any CPU.Build.0 = Release|Any CPU
		{2D5062E9-0355-4B03-80EF-FFC09F0CF9F0}.Debug|Any CPU.ActiveCfg = Debug|Any CPU
		{2D5062E9-0355-4B03-80EF-FFC09F0CF9F0}.Debug|Any CPU.Build.0 = Debug|Any CPU
		{2D5062E9-0355-4B03-80EF-FFC09F0CF9F0}.Release|Any CPU.ActiveCfg = Release|Any CPU
		{2D5062E9-0355-4B03-80EF-FFC09F0CF9F0}.Release|Any CPU.Build.0 = Release|Any CPU
		{5AE9DF20-7D4A-4B9D-93A2-BFBC2FB3334A}.Debug|Any CPU.ActiveCfg = Debug|Any CPU
		{5AE9DF20-7D4A-4B9D-93A2-BFBC2FB3334A}.Debug|Any CPU.Build.0 = Debug|Any CPU
		{5AE9DF20-7D4A-4B9D-93A2-BFBC2FB3334A}.Release|Any CPU.ActiveCfg = Release|Any CPU
		{5AE9DF20-7D4A-4B9D-93A2-BFBC2FB3334A}.Release|Any CPU.Build.0 = Release|Any CPU
	EndGlobalSection
	GlobalSection(SolutionProperties) = preSolution
		HideSolutionNode = FALSE
	EndGlobalSection
	GlobalSection(NestedProjects) = preSolution
		{AA9582C1-FDE5-49F8-B2DB-3A461D31F7FD} = {6DE7EC63-A773-4991-A8AE-3633C788DAD4}
		{EB3CF5AA-EC32-4723-81E5-C4A0C0525D05} = {6DE7EC63-A773-4991-A8AE-3633C788DAD4}
		{A5EE3349-B642-4CC7-B575-7C338821D63D} = {6DE7EC63-A773-4991-A8AE-3633C788DAD4}
		{5C28C004-F7BE-4F09-832F-CE8594B3231F} = {6DE7EC63-A773-4991-A8AE-3633C788DAD4}
		{519AC3E3-8FFA-4AF6-90E9-123BB54837F5} = {6DE7EC63-A773-4991-A8AE-3633C788DAD4}
		{5FCBDC4A-D94E-4883-A41D-C2579D21602D} = {6DE7EC63-A773-4991-A8AE-3633C788DAD4}
		{F5064A23-6E52-43DA-AFFA-71425942EBF8} = {6DE7EC63-A773-4991-A8AE-3633C788DAD4}
		{0056C00D-0FDB-45D3-955B-ADD9DDABD543} = {6DE7EC63-A773-4991-A8AE-3633C788DAD4}
		{2E861FF8-567A-44AD-A17B-74626FB260C1} = {6DE7EC63-A773-4991-A8AE-3633C788DAD4}
		{3F8405F6-45C3-4EEF-9E59-A8B206DE0AA2} = {AA9582C1-FDE5-49F8-B2DB-3A461D31F7FD}
		{E7B7BE23-5ABB-4327-B716-127A19E7B6E6} = {AA9582C1-FDE5-49F8-B2DB-3A461D31F7FD}
		{D34EC1AA-9B14-4000-A6E4-0A4CD23EE87A} = {519AC3E3-8FFA-4AF6-90E9-123BB54837F5}
		{6386587A-5272-42B3-A156-7FAA8116F3A8} = {519AC3E3-8FFA-4AF6-90E9-123BB54837F5}
		{28EB3790-0E19-43AB-8ECB-6137EB0E588A} = {AA77692E-2A11-4668-8E05-3A50564EC28E}
		{7A7BE8A2-3C37-42D6-A2E0-B2422661427F} = {AA77692E-2A11-4668-8E05-3A50564EC28E}
		{A511DCE7-1FA4-46DC-B04E-01C4CCDD7F1C} = {AA77692E-2A11-4668-8E05-3A50564EC28E}
		{8C98C28A-3F14-4876-B7DD-DC95313A3BA4} = {AA77692E-2A11-4668-8E05-3A50564EC28E}
		{34325F95-5BD5-4908-AF96-0BB001CAA55F} = {AA77692E-2A11-4668-8E05-3A50564EC28E}
		{5BFF8DF2-75AF-4358-AF5E-66AF97B76177} = {AA77692E-2A11-4668-8E05-3A50564EC28E}
		{120DB552-8E1C-4391-AFE8-FCE94639AEA3} = {AA77692E-2A11-4668-8E05-3A50564EC28E}
		{B8BD1FB9-E6B0-42CC-A032-544C9FB088C3} = {34325F95-5BD5-4908-AF96-0BB001CAA55F}
		{151DCD8D-1050-493B-BC05-A34F8CA12D60} = {34325F95-5BD5-4908-AF96-0BB001CAA55F}
		{2D5062E9-0355-4B03-80EF-FFC09F0CF9F0} = {2E861FF8-567A-44AD-A17B-74626FB260C1}
		{5AE9DF20-7D4A-4B9D-93A2-BFBC2FB3334A} = {2E861FF8-567A-44AD-A17B-74626FB260C1}
	EndGlobalSection
EndGlobal
