
Microsoft Visual Studio Solution File, Format Version 12.00
# Visual Studio 15
VisualStudioVersion = 15.0.27004.2010
MinimumVisualStudioVersion = 10.0.40219.1
Project("{FAE04EC0-301F-11D3-BF4B-00C04F79EFBC}") = "ServerTCPListener", "ServerTCPListener\ServerTCPListener.csproj", "{0B6BF229-BDA3-4A28-A39B-EAF3FD1FC9B6}"
EndProject
Project("{FAE04EC0-301F-11D3-BF4B-00C04F79EFBC}") = "TCPClient", "TCPClient\TCPClient.csproj", "{9A31698A-561C-4EA1-B683-6B34A6EE53B6}"
EndProject
Global
	GlobalSection(SolutionConfigurationPlatforms) = preSolution
		Debug|Any CPU = Debug|Any CPU
		Release|Any CPU = Release|Any CPU
	EndGlobalSection
	GlobalSection(ProjectConfigurationPlatforms) = postSolution
		{0B6BF229-BDA3-4A28-A39B-EAF3FD1FC9B6}.Debug|Any CPU.ActiveCfg = Debug|Any CPU
		{0B6BF229-BDA3-4A28-A39B-EAF3FD1FC9B6}.Debug|Any CPU.Build.0 = Debug|Any CPU
		{0B6BF229-BDA3-4A28-A39B-EAF3FD1FC9B6}.Release|Any CPU.ActiveCfg = Release|Any CPU
		{0B6BF229-BDA3-4A28-A39B-EAF3FD1FC9B6}.Release|Any CPU.Build.0 = Release|Any CPU
		{9A31698A-561C-4EA1-B683-6B34A6EE53B6}.Debug|Any CPU.ActiveCfg = Debug|Any CPU
		{9A31698A-561C-4EA1-B683-6B34A6EE53B6}.Debug|Any CPU.Build.0 = Debug|Any CPU
		{9A31698A-561C-4EA1-B683-6B34A6EE53B6}.Release|Any CPU.ActiveCfg = Release|Any CPU
		{9A31698A-561C-4EA1-B683-6B34A6EE53B6}.Release|Any CPU.Build.0 = Release|Any CPU
	EndGlobalSection
	GlobalSection(SolutionProperties) = preSolution
		HideSolutionNode = FALSE
	EndGlobalSection
	GlobalSection(ExtensibilityGlobals) = postSolution
		SolutionGuid = {518BA421-8427-4AF6-A399-A6AAA0448B04}
	EndGlobalSection
	GlobalSection(TeamFoundationVersionControl) = preSolution
		SccNumberOfProjects = 3
		SccEnterpriseProvider = {4CA58AB2-18FA-4F8D-95D4-32DDF27D184C}
		SccTeamFoundationServer = http://developmentvlan:8585/tfs/vanrise.collection
		SccLocalPath0 = .
		SccProjectUniqueName1 = ServerTCPListener\\ServerTCPListener.csproj
		SccProjectName1 = ServerTCPListener
		SccLocalPath1 = ServerTCPListener
		SccProjectUniqueName2 = TCPClient\\TCPClient.csproj
		SccProjectName2 = TCPClient
		SccLocalPath2 = TCPClient
	EndGlobalSection
EndGlobal
