
Microsoft Visual Studio Solution File, Format Version 12.00
# Visual Studio 2013
VisualStudioVersion = 12.0.31101.0
MinimumVisualStudioVersion = 10.0.40219.1
Project("{2150E333-8FDC-42A3-9474-1A3956D46DE8}") = "Common", "Common", "{9AA83DCF-FB38-45AA-9944-B92CA1B13B94}"
EndProject
Project("{2150E333-8FDC-42A3-9474-1A3956D46DE8}") = "Modules", "Modules", "{2286F6A4-46B0-40AE-9ADE-98E675DB91CB}"
EndProject
Project("{2150E333-8FDC-42A3-9474-1A3956D46DE8}") = "SQL", "SQL", "{1B9F0944-5170-4C05-8834-D247C7CA18C1}"
EndProject
Project("{2150E333-8FDC-42A3-9474-1A3956D46DE8}") = "Web", "Web", "{EE2A4347-9EB6-462A-BB25-36D47EFD502A}"
EndProject
Project("{FAE04EC0-301F-11D3-BF4B-00C04F79EFBC}") = "Vanrise.Web.Base", "..\..\Vanrise\Code\Vanrise.Web.Base\Vanrise.Web.Base.csproj", "{C527C7B2-A481-4D1D-B25A-4A540E812153}"
EndProject
Project("{FAE04EC0-301F-11D3-BF4B-00C04F79EFBC}") = "Vanrise.Web", "..\..\Vanrise\Code\Vanrise.Web\Vanrise.Web.csproj", "{3B35C6E1-FD21-4E32-A8BD-F11377A545A0}"
EndProject
Project("{FAE04EC0-301F-11D3-BF4B-00C04F79EFBC}") = "CarrierPortal.Web", "CarrierPortal.Web\CarrierPortal.Web.csproj", "{FE2CC43B-8AAA-4D6A-87F0-67E85A5DAEC9}"
EndProject
Project("{2150E333-8FDC-42A3-9474-1A3956D46DE8}") = "CP.SupplierPricelist", "CP.SupplierPricelist", "{73B89280-7691-435A-98E3-F5F84801BE36}"
EndProject
Project("{FAE04EC0-301F-11D3-BF4B-00C04F79EFBC}") = "Resources", "Resources\Resources.csproj", "{CB556A40-1CAB-4915-88E5-F5E04BA4F4EE}"
EndProject
Project("{00D1A9C2-B5F0-4AF3-8072-F6C62B433612}") = "CarrierPortal", "CarrierPortal\CarrierPortal.sqlproj", "{FEF565A8-7254-4428-8BD4-A72B6F761496}"
EndProject
Project("{FAE04EC0-301F-11D3-BF4B-00C04F79EFBC}") = "CP.SupplierPricelist.Business", "CP.SupplierPricelist.Business\CP.SupplierPricelist.Business.csproj", "{07C7EF2D-23B5-4EB1-BE56-BC5232CA7D72}"
EndProject
Project("{FAE04EC0-301F-11D3-BF4B-00C04F79EFBC}") = "CP.SupplierPricelist.Data", "CP.SupplierPricelist.Data\CP.SupplierPricelist.Data.csproj", "{20CF0936-036A-416C-A5CE-4B59024F8F45}"
EndProject
Project("{FAE04EC0-301F-11D3-BF4B-00C04F79EFBC}") = "CP.SupplierPricelist.Data.SQL", "CP.SupplierPricelist.Data.SQL\CP.SupplierPricelist.Data.SQL.csproj", "{45737C32-8ADD-4C04-AF8D-9A370077791E}"
EndProject
Project("{FAE04EC0-301F-11D3-BF4B-00C04F79EFBC}") = "CP.SupplierPricelist.Entities", "CP.SupplierPricelist.Entities\CP.SupplierPricelist.Entities.csproj", "{168D3BEA-BDE1-47E2-8A35-ED3ED9E65547}"
EndProject
Project("{FAE04EC0-301F-11D3-BF4B-00C04F79EFBC}") = "CP.SupplierPricelist.Web", "CP.SupplierPricelist.Web\CP.SupplierPricelist.Web.csproj", "{862ACF40-050C-423F-BAE1-66CDD06E5EB0}"
EndProject
Project("{2150E333-8FDC-42A3-9474-1A3956D46DE8}") = "Runtime", "Runtime", "{48718904-3FAE-427C-8D91-693120859DDC}"
EndProject
Project("{FAE04EC0-301F-11D3-BF4B-00C04F79EFBC}") = "CarrierPortal.DevRuntime", "CarrierPortal.DevRuntime\CarrierPortal.DevRuntime.csproj", "{197126C1-BC0D-4BD0-8016-811FC8DD41D5}"
EndProject
Project("{FAE04EC0-301F-11D3-BF4B-00C04F79EFBC}") = "CP.SupplierPriceList.TOneV1Integration", "CP.SupplierPriceList.TOneV1Integration\CP.SupplierPriceList.TOneV1Integration.csproj", "{031E385D-9222-4E25-9C0E-3ECB12675667}"
EndProject
Project("{FAE04EC0-301F-11D3-BF4B-00C04F79EFBC}") = "CP.SupplierPricelist.MainExtensions", "CP.SupplierPricelist.MainExtensions\CP.SupplierPricelist.MainExtensions.csproj", "{4B86F69C-C6FD-4599-8FA6-690DA0A5665F}"
EndProject
Project("{2150E333-8FDC-42A3-9474-1A3956D46DE8}") = "PartnerPortal.CustomerAccess", "PartnerPortal.CustomerAccess", "{062656B4-F251-4342-9853-7B2448326EB8}"
EndProject
Project("{FAE04EC0-301F-11D3-BF4B-00C04F79EFBC}") = "PartnerPortal.CustomerAccess.Web", "PartnerPortal.CustomerAccess.Web\PartnerPortal.CustomerAccess.Web.csproj", "{DEC75D5A-5E36-4C1C-A431-9456A9D4F4B9}"
EndProject
Project("{FAE04EC0-301F-11D3-BF4B-00C04F79EFBC}") = "PartnerPortal.CustomerAccess.Entities", "PartnerPortal.CustomerAccess.Entities\PartnerPortal.CustomerAccess.Entities.csproj", "{3F63F33B-1977-4593-8D79-F5BFBF84CB19}"
EndProject
Project("{FAE04EC0-301F-11D3-BF4B-00C04F79EFBC}") = "PartnerPortal.CustomerAccess.Business", "PartnerPortal.CustomerAccess.Business\PartnerPortal.CustomerAccess.Business.csproj", "{C4AC9650-72A5-4470-A2D4-2D22C504BF0F}"
EndProject
Project("{FAE04EC0-301F-11D3-BF4B-00C04F79EFBC}") = "PartnerPortal.CustomerAccess.MainExtensions", "PartnerPortal.CustomerAccess.MainExtensions\PartnerPortal.CustomerAccess.MainExtensions.csproj", "{918841CC-444D-4C23-A4E5-C957EF071F4D}"
EndProject
Global
	GlobalSection(TeamFoundationVersionControl) = preSolution
		SccNumberOfProjects = 18
		SccEnterpriseProvider = {4CA58AB2-18FA-4F8D-95D4-32DDF27D184C}
		SccTeamFoundationServer = http://developmentvlan:8585/tfs/vanrise.collection
		SccLocalPath0 = .
		SccProjectUniqueName1 = ..\\..\\Vanrise\\Code\\Vanrise.Web.Base\\Vanrise.Web.Base.csproj
		SccProjectTopLevelParentUniqueName1 = CarrierPortal.sln
		SccProjectName1 = ../../Vanrise/Code/Vanrise.Web.Base
		SccLocalPath1 = ..\\..\\Vanrise\\Code\\Vanrise.Web.Base
		SccProjectUniqueName2 = ..\\..\\Vanrise\\Code\\Vanrise.Web\\Vanrise.Web.csproj
		SccProjectTopLevelParentUniqueName2 = CarrierPortal.sln
		SccProjectName2 = ../../Vanrise/Code/Vanrise.Web
		SccLocalPath2 = ..\\..\\Vanrise\\Code\\Vanrise.Web
		SccProjectUniqueName3 = CarrierPortal.Web\\CarrierPortal.Web.csproj
		SccProjectTopLevelParentUniqueName3 = CarrierPortal.sln
		SccProjectName3 = CarrierPortal.Web
		SccLocalPath3 = CarrierPortal.Web
		SccProjectUniqueName4 = Resources\\Resources.csproj
		SccProjectTopLevelParentUniqueName4 = CarrierPortal.sln
		SccProjectName4 = Resources
		SccLocalPath4 = Resources
		SccProjectUniqueName5 = CarrierPortal\\CarrierPortal.sqlproj
		SccProjectTopLevelParentUniqueName5 = CarrierPortal.sln
		SccProjectName5 = CarrierPortal
		SccLocalPath5 = CarrierPortal
		SccProjectUniqueName6 = CP.SupplierPricelist.Business\\CP.SupplierPricelist.Business.csproj
		SccProjectTopLevelParentUniqueName6 = CarrierPortal.sln
		SccProjectName6 = CP.SupplierPricelist.Business
		SccLocalPath6 = CP.SupplierPricelist.Business
		SccProjectUniqueName7 = CP.SupplierPricelist.Data\\CP.SupplierPricelist.Data.csproj
		SccProjectTopLevelParentUniqueName7 = CarrierPortal.sln
		SccProjectName7 = CP.SupplierPricelist.Data
		SccLocalPath7 = CP.SupplierPricelist.Data
		SccProjectUniqueName8 = CP.SupplierPricelist.Data.SQL\\CP.SupplierPricelist.Data.SQL.csproj
		SccProjectTopLevelParentUniqueName8 = CarrierPortal.sln
		SccProjectName8 = CP.SupplierPricelist.Data.SQL
		SccLocalPath8 = CP.SupplierPricelist.Data.SQL
		SccProjectUniqueName9 = CP.SupplierPricelist.Entities\\CP.SupplierPricelist.Entities.csproj
		SccProjectTopLevelParentUniqueName9 = CarrierPortal.sln
		SccProjectName9 = CP.SupplierPricelist.Entities
		SccLocalPath9 = CP.SupplierPricelist.Entities
		SccProjectUniqueName10 = CP.SupplierPricelist.Web\\CP.SupplierPricelist.Web.csproj
		SccProjectTopLevelParentUniqueName10 = CarrierPortal.sln
		SccProjectName10 = CP.SupplierPricelist.Web
		SccLocalPath10 = CP.SupplierPricelist.Web
		SccProjectUniqueName11 = CarrierPortal.DevRuntime\\CarrierPortal.DevRuntime.csproj
		SccProjectTopLevelParentUniqueName11 = CarrierPortal.sln
		SccProjectName11 = CarrierPortal.DevRuntime
		SccLocalPath11 = CarrierPortal.DevRuntime
		SccProjectUniqueName12 = CP.SupplierPriceList.TOneV1Integration\\CP.SupplierPriceList.TOneV1Integration.csproj
		SccProjectTopLevelParentUniqueName12 = CarrierPortal.sln
		SccProjectName12 = CP.SupplierPriceList.TOneV1Integration
		SccLocalPath12 = CP.SupplierPriceList.TOneV1Integration
		SccProjectUniqueName13 = CP.SupplierPricelist.MainExtensions\\CP.SupplierPricelist.MainExtensions.csproj
		SccProjectTopLevelParentUniqueName13 = CarrierPortal.sln
		SccProjectName13 = CP.SupplierPricelist.MainExtensions
		SccLocalPath13 = CP.SupplierPricelist.MainExtensions
		SccProjectUniqueName14 = PartnerPortal.CustomerAccess.Web\\PartnerPortal.CustomerAccess.Web.csproj
		SccProjectTopLevelParentUniqueName14 = CarrierPortal.sln
		SccProjectName14 = PartnerPortal.CustomerAccess.Web
		SccLocalPath14 = PartnerPortal.CustomerAccess.Web
		SccProjectUniqueName15 = PartnerPortal.CustomerAccess.Entities\\PartnerPortal.CustomerAccess.Entities.csproj
		SccProjectTopLevelParentUniqueName15 = CarrierPortal.sln
		SccProjectName15 = PartnerPortal.CustomerAccess.Entities
		SccLocalPath15 = PartnerPortal.CustomerAccess.Entities
		SccProjectUniqueName16 = PartnerPortal.CustomerAccess.Business\\PartnerPortal.CustomerAccess.Business.csproj
		SccProjectTopLevelParentUniqueName16 = CarrierPortal.sln
		SccProjectName16 = PartnerPortal.CustomerAccess.Business
		SccLocalPath16 = PartnerPortal.CustomerAccess.Business
		SccProjectUniqueName17 = PartnerPortal.CustomerAccess.MainExtensions\\PartnerPortal.CustomerAccess.MainExtensions.csproj
		SccProjectTopLevelParentUniqueName17 = CarrierPortal.sln
		SccProjectName17 = PartnerPortal.CustomerAccess.MainExtensions
		SccLocalPath17 = PartnerPortal.CustomerAccess.MainExtensions
	EndGlobalSection
	GlobalSection(SolutionConfigurationPlatforms) = preSolution
		Debug|Any CPU = Debug|Any CPU
		Release|Any CPU = Release|Any CPU
	EndGlobalSection
	GlobalSection(ProjectConfigurationPlatforms) = postSolution
		{C527C7B2-A481-4D1D-B25A-4A540E812153}.Debug|Any CPU.ActiveCfg = Debug|Any CPU
		{C527C7B2-A481-4D1D-B25A-4A540E812153}.Debug|Any CPU.Build.0 = Debug|Any CPU
		{C527C7B2-A481-4D1D-B25A-4A540E812153}.Release|Any CPU.ActiveCfg = Release|Any CPU
		{C527C7B2-A481-4D1D-B25A-4A540E812153}.Release|Any CPU.Build.0 = Release|Any CPU
		{3B35C6E1-FD21-4E32-A8BD-F11377A545A0}.Debug|Any CPU.ActiveCfg = Debug|Any CPU
		{3B35C6E1-FD21-4E32-A8BD-F11377A545A0}.Debug|Any CPU.Build.0 = Debug|Any CPU
		{3B35C6E1-FD21-4E32-A8BD-F11377A545A0}.Release|Any CPU.ActiveCfg = Release|Any CPU
		{3B35C6E1-FD21-4E32-A8BD-F11377A545A0}.Release|Any CPU.Build.0 = Release|Any CPU
		{FE2CC43B-8AAA-4D6A-87F0-67E85A5DAEC9}.Debug|Any CPU.ActiveCfg = Debug|Any CPU
		{FE2CC43B-8AAA-4D6A-87F0-67E85A5DAEC9}.Debug|Any CPU.Build.0 = Debug|Any CPU
		{FE2CC43B-8AAA-4D6A-87F0-67E85A5DAEC9}.Release|Any CPU.ActiveCfg = Release|Any CPU
		{FE2CC43B-8AAA-4D6A-87F0-67E85A5DAEC9}.Release|Any CPU.Build.0 = Release|Any CPU
		{CB556A40-1CAB-4915-88E5-F5E04BA4F4EE}.Debug|Any CPU.ActiveCfg = Debug|Any CPU
		{CB556A40-1CAB-4915-88E5-F5E04BA4F4EE}.Debug|Any CPU.Build.0 = Debug|Any CPU
		{CB556A40-1CAB-4915-88E5-F5E04BA4F4EE}.Release|Any CPU.ActiveCfg = Release|Any CPU
		{CB556A40-1CAB-4915-88E5-F5E04BA4F4EE}.Release|Any CPU.Build.0 = Release|Any CPU
		{FEF565A8-7254-4428-8BD4-A72B6F761496}.Debug|Any CPU.ActiveCfg = Debug|Any CPU
		{FEF565A8-7254-4428-8BD4-A72B6F761496}.Debug|Any CPU.Build.0 = Debug|Any CPU
		{FEF565A8-7254-4428-8BD4-A72B6F761496}.Debug|Any CPU.Deploy.0 = Debug|Any CPU
		{FEF565A8-7254-4428-8BD4-A72B6F761496}.Release|Any CPU.ActiveCfg = Release|Any CPU
		{FEF565A8-7254-4428-8BD4-A72B6F761496}.Release|Any CPU.Build.0 = Release|Any CPU
		{FEF565A8-7254-4428-8BD4-A72B6F761496}.Release|Any CPU.Deploy.0 = Release|Any CPU
		{07C7EF2D-23B5-4EB1-BE56-BC5232CA7D72}.Debug|Any CPU.ActiveCfg = Debug|Any CPU
		{07C7EF2D-23B5-4EB1-BE56-BC5232CA7D72}.Debug|Any CPU.Build.0 = Debug|Any CPU
		{07C7EF2D-23B5-4EB1-BE56-BC5232CA7D72}.Release|Any CPU.ActiveCfg = Release|Any CPU
		{07C7EF2D-23B5-4EB1-BE56-BC5232CA7D72}.Release|Any CPU.Build.0 = Release|Any CPU
		{20CF0936-036A-416C-A5CE-4B59024F8F45}.Debug|Any CPU.ActiveCfg = Debug|Any CPU
		{20CF0936-036A-416C-A5CE-4B59024F8F45}.Debug|Any CPU.Build.0 = Debug|Any CPU
		{20CF0936-036A-416C-A5CE-4B59024F8F45}.Release|Any CPU.ActiveCfg = Release|Any CPU
		{20CF0936-036A-416C-A5CE-4B59024F8F45}.Release|Any CPU.Build.0 = Release|Any CPU
		{45737C32-8ADD-4C04-AF8D-9A370077791E}.Debug|Any CPU.ActiveCfg = Debug|Any CPU
		{45737C32-8ADD-4C04-AF8D-9A370077791E}.Debug|Any CPU.Build.0 = Debug|Any CPU
		{45737C32-8ADD-4C04-AF8D-9A370077791E}.Release|Any CPU.ActiveCfg = Release|Any CPU
		{45737C32-8ADD-4C04-AF8D-9A370077791E}.Release|Any CPU.Build.0 = Release|Any CPU
		{168D3BEA-BDE1-47E2-8A35-ED3ED9E65547}.Debug|Any CPU.ActiveCfg = Debug|Any CPU
		{168D3BEA-BDE1-47E2-8A35-ED3ED9E65547}.Debug|Any CPU.Build.0 = Debug|Any CPU
		{168D3BEA-BDE1-47E2-8A35-ED3ED9E65547}.Release|Any CPU.ActiveCfg = Release|Any CPU
		{168D3BEA-BDE1-47E2-8A35-ED3ED9E65547}.Release|Any CPU.Build.0 = Release|Any CPU
		{862ACF40-050C-423F-BAE1-66CDD06E5EB0}.Debug|Any CPU.ActiveCfg = Debug|Any CPU
		{862ACF40-050C-423F-BAE1-66CDD06E5EB0}.Debug|Any CPU.Build.0 = Debug|Any CPU
		{862ACF40-050C-423F-BAE1-66CDD06E5EB0}.Release|Any CPU.ActiveCfg = Release|Any CPU
		{862ACF40-050C-423F-BAE1-66CDD06E5EB0}.Release|Any CPU.Build.0 = Release|Any CPU
		{197126C1-BC0D-4BD0-8016-811FC8DD41D5}.Debug|Any CPU.ActiveCfg = Debug|x64
		{197126C1-BC0D-4BD0-8016-811FC8DD41D5}.Debug|Any CPU.Build.0 = Debug|x64
		{197126C1-BC0D-4BD0-8016-811FC8DD41D5}.Release|Any CPU.ActiveCfg = Release|Any CPU
		{197126C1-BC0D-4BD0-8016-811FC8DD41D5}.Release|Any CPU.Build.0 = Release|Any CPU
		{031E385D-9222-4E25-9C0E-3ECB12675667}.Debug|Any CPU.ActiveCfg = Debug|Any CPU
		{031E385D-9222-4E25-9C0E-3ECB12675667}.Debug|Any CPU.Build.0 = Debug|Any CPU
		{031E385D-9222-4E25-9C0E-3ECB12675667}.Release|Any CPU.ActiveCfg = Release|Any CPU
		{031E385D-9222-4E25-9C0E-3ECB12675667}.Release|Any CPU.Build.0 = Release|Any CPU
		{4B86F69C-C6FD-4599-8FA6-690DA0A5665F}.Debug|Any CPU.ActiveCfg = Debug|Any CPU
		{4B86F69C-C6FD-4599-8FA6-690DA0A5665F}.Debug|Any CPU.Build.0 = Debug|Any CPU
		{4B86F69C-C6FD-4599-8FA6-690DA0A5665F}.Release|Any CPU.ActiveCfg = Release|Any CPU
		{4B86F69C-C6FD-4599-8FA6-690DA0A5665F}.Release|Any CPU.Build.0 = Release|Any CPU
		{DEC75D5A-5E36-4C1C-A431-9456A9D4F4B9}.Debug|Any CPU.ActiveCfg = Debug|Any CPU
		{DEC75D5A-5E36-4C1C-A431-9456A9D4F4B9}.Debug|Any CPU.Build.0 = Debug|Any CPU
		{DEC75D5A-5E36-4C1C-A431-9456A9D4F4B9}.Release|Any CPU.ActiveCfg = Release|Any CPU
		{DEC75D5A-5E36-4C1C-A431-9456A9D4F4B9}.Release|Any CPU.Build.0 = Release|Any CPU
		{3F63F33B-1977-4593-8D79-F5BFBF84CB19}.Debug|Any CPU.ActiveCfg = Debug|Any CPU
		{3F63F33B-1977-4593-8D79-F5BFBF84CB19}.Debug|Any CPU.Build.0 = Debug|Any CPU
		{3F63F33B-1977-4593-8D79-F5BFBF84CB19}.Release|Any CPU.ActiveCfg = Release|Any CPU
		{3F63F33B-1977-4593-8D79-F5BFBF84CB19}.Release|Any CPU.Build.0 = Release|Any CPU
		{C4AC9650-72A5-4470-A2D4-2D22C504BF0F}.Debug|Any CPU.ActiveCfg = Debug|Any CPU
		{C4AC9650-72A5-4470-A2D4-2D22C504BF0F}.Debug|Any CPU.Build.0 = Debug|Any CPU
		{C4AC9650-72A5-4470-A2D4-2D22C504BF0F}.Release|Any CPU.ActiveCfg = Release|Any CPU
		{C4AC9650-72A5-4470-A2D4-2D22C504BF0F}.Release|Any CPU.Build.0 = Release|Any CPU
		{918841CC-444D-4C23-A4E5-C957EF071F4D}.Debug|Any CPU.ActiveCfg = Debug|Any CPU
		{918841CC-444D-4C23-A4E5-C957EF071F4D}.Debug|Any CPU.Build.0 = Debug|Any CPU
		{918841CC-444D-4C23-A4E5-C957EF071F4D}.Release|Any CPU.ActiveCfg = Release|Any CPU
		{918841CC-444D-4C23-A4E5-C957EF071F4D}.Release|Any CPU.Build.0 = Release|Any CPU
	EndGlobalSection
	GlobalSection(SolutionProperties) = preSolution
		HideSolutionNode = FALSE
	EndGlobalSection
	GlobalSection(NestedProjects) = preSolution
		{C527C7B2-A481-4D1D-B25A-4A540E812153} = {EE2A4347-9EB6-462A-BB25-36D47EFD502A}
		{3B35C6E1-FD21-4E32-A8BD-F11377A545A0} = {EE2A4347-9EB6-462A-BB25-36D47EFD502A}
		{FE2CC43B-8AAA-4D6A-87F0-67E85A5DAEC9} = {EE2A4347-9EB6-462A-BB25-36D47EFD502A}
		{73B89280-7691-435A-98E3-F5F84801BE36} = {2286F6A4-46B0-40AE-9ADE-98E675DB91CB}
		{CB556A40-1CAB-4915-88E5-F5E04BA4F4EE} = {9AA83DCF-FB38-45AA-9944-B92CA1B13B94}
		{FEF565A8-7254-4428-8BD4-A72B6F761496} = {1B9F0944-5170-4C05-8834-D247C7CA18C1}
		{07C7EF2D-23B5-4EB1-BE56-BC5232CA7D72} = {73B89280-7691-435A-98E3-F5F84801BE36}
		{20CF0936-036A-416C-A5CE-4B59024F8F45} = {73B89280-7691-435A-98E3-F5F84801BE36}
		{45737C32-8ADD-4C04-AF8D-9A370077791E} = {73B89280-7691-435A-98E3-F5F84801BE36}
		{168D3BEA-BDE1-47E2-8A35-ED3ED9E65547} = {73B89280-7691-435A-98E3-F5F84801BE36}
		{862ACF40-050C-423F-BAE1-66CDD06E5EB0} = {73B89280-7691-435A-98E3-F5F84801BE36}
		{197126C1-BC0D-4BD0-8016-811FC8DD41D5} = {48718904-3FAE-427C-8D91-693120859DDC}
		{031E385D-9222-4E25-9C0E-3ECB12675667} = {73B89280-7691-435A-98E3-F5F84801BE36}
		{4B86F69C-C6FD-4599-8FA6-690DA0A5665F} = {73B89280-7691-435A-98E3-F5F84801BE36}
		{062656B4-F251-4342-9853-7B2448326EB8} = {2286F6A4-46B0-40AE-9ADE-98E675DB91CB}
		{DEC75D5A-5E36-4C1C-A431-9456A9D4F4B9} = {062656B4-F251-4342-9853-7B2448326EB8}
		{3F63F33B-1977-4593-8D79-F5BFBF84CB19} = {062656B4-F251-4342-9853-7B2448326EB8}
		{C4AC9650-72A5-4470-A2D4-2D22C504BF0F} = {062656B4-F251-4342-9853-7B2448326EB8}
		{918841CC-444D-4C23-A4E5-C957EF071F4D} = {062656B4-F251-4342-9853-7B2448326EB8}
	EndGlobalSection
EndGlobal
