
Microsoft Visual Studio Solution File, Format Version 12.00
# Visual Studio 2013
VisualStudioVersion = 12.0.40629.0
MinimumVisualStudioVersion = 10.0.40219.1
Project("{FAE04EC0-301F-11D3-BF4B-00C04F79EFBC}") = "Vanrise.Fzero.Bypass", "Vanrise.Fzero.Bypass\Vanrise.Fzero.Bypass.csproj", "{1CA1B8A4-C6AC-499D-A763-8276A68C415E}"
EndProject
Project("{FAE04EC0-301F-11D3-BF4B-00C04F79EFBC}") = "Vanrise.CommonLibrary", "Vanrise.CommonLibrary\Vanrise.CommonLibrary.csproj", "{A0A85889-CED2-4DE6-BDA9-FEF2C10EB564}"
EndProject
Project("{E24C65DC-7377-472B-9ABA-BC803B73C61A}") = "Vanrise.Fzero.Bypass.WebSite", "http://localhost:2240", "{EEE60610-F6E8-44A7-A655-07F32D47A5B9}"
	ProjectSection(WebsiteProperties) = preProject
		SccProjectName = "SAK"
		SccAuxPath = "SAK"
		SccLocalPath = "SAK"
		SccProvider = "SAK"
		UseIISExpress = "true"
		TargetFrameworkMoniker = ".NETFramework,Version%3Dv4.5"
		ProjectReferences = "{1ca1b8a4-c6ac-499d-a763-8276a68c415e}|Vanrise.Fzero.Bypass.dll;{A0A85889-CED2-4DE6-BDA9-FEF2C10EB564}|Vanrise.CommonLibrary.dll;"
		Debug.AspNetCompiler.VirtualPath = "/localhost_2240"
		Debug.AspNetCompiler.PhysicalPath = "Vanrise.Fzero.Bypass.WebSite\"
		Debug.AspNetCompiler.TargetPath = "PrecompiledWeb\localhost_2240\"
		Debug.AspNetCompiler.Updateable = "true"
		Debug.AspNetCompiler.ForceOverwrite = "true"
		Debug.AspNetCompiler.FixedNames = "false"
		Debug.AspNetCompiler.Debug = "True"
		Release.AspNetCompiler.VirtualPath = "/localhost_2240"
		Release.AspNetCompiler.PhysicalPath = "Vanrise.Fzero.Bypass.WebSite\"
		Release.AspNetCompiler.TargetPath = "PrecompiledWeb\localhost_2240\"
		Release.AspNetCompiler.Updateable = "true"
		Release.AspNetCompiler.ForceOverwrite = "true"
		Release.AspNetCompiler.FixedNames = "false"
		Release.AspNetCompiler.Debug = "False"
		SlnRelativePath = "Vanrise.Fzero.Bypass.WebSite\"
	EndProjectSection
EndProject
Project("{E24C65DC-7377-472B-9ABA-BC803B73C61A}") = "Vanrise.Fzero.Bypass.ClientWebSite", "http://localhost:2251", "{80697BB9-BB24-4596-BD1B-E132B64B71C6}"
	ProjectSection(WebsiteProperties) = preProject
		SccProjectName = "SAK"
		SccAuxPath = "SAK"
		SccLocalPath = "SAK"
		SccProvider = "SAK"
		UseIISExpress = "true"
		TargetFrameworkMoniker = ".NETFramework,Version%3Dv4.5"
		ProjectReferences = "{1ca1b8a4-c6ac-499d-a763-8276a68c415e}|Vanrise.Fzero.Bypass.dll;{A0A85889-CED2-4DE6-BDA9-FEF2C10EB564}|Vanrise.CommonLibrary.dll;"
		Debug.AspNetCompiler.VirtualPath = "/localhost_2251"
		Debug.AspNetCompiler.PhysicalPath = "Vanrise.Fzero.Bypass.ClientWebSite\"
		Debug.AspNetCompiler.TargetPath = "PrecompiledWeb\localhost_2251\"
		Debug.AspNetCompiler.Updateable = "true"
		Debug.AspNetCompiler.ForceOverwrite = "true"
		Debug.AspNetCompiler.FixedNames = "false"
		Debug.AspNetCompiler.Debug = "True"
		Release.AspNetCompiler.VirtualPath = "/localhost_2251"
		Release.AspNetCompiler.PhysicalPath = "Vanrise.Fzero.Bypass.ClientWebSite\"
		Release.AspNetCompiler.TargetPath = "PrecompiledWeb\localhost_2251\"
		Release.AspNetCompiler.Updateable = "true"
		Release.AspNetCompiler.ForceOverwrite = "true"
		Release.AspNetCompiler.FixedNames = "false"
		Release.AspNetCompiler.Debug = "False"
		SlnRelativePath = "Vanrise.Fzero.Bypass.ClientWebSite\"
	EndProjectSection
EndProject
Project("{FAE04EC0-301F-11D3-BF4B-00C04F79EFBC}") = "Vanrise.Fzero.Bypass.TOne", "Vanrise.Fzero.Bypass.TOne\Vanrise.Fzero.Bypass.TOne.csproj", "{AA133B7E-6501-4A0D-AE8D-847B35008044}"
EndProject
Project("{FAE04EC0-301F-11D3-BF4B-00C04F79EFBC}") = "Vanrise.Fzero.Services.ClientReport", "Vanrise.Fzero.Services.ClientReport\Vanrise.Fzero.Services.ClientReport.csproj", "{68C22EBB-E2E7-47F5-A1AF-6538BBE4E0EF}"
EndProject
Project("{FAE04EC0-301F-11D3-BF4B-00C04F79EFBC}") = "Vanrise.Fzero.Services.DailyReport", "Vanrise.Fzero.Services.DailyReport\Vanrise.Fzero.Services.DailyReport.csproj", "{2B782E4E-93EC-4F08-BCBD-F6D43808D438}"
EndProject
Project("{FAE04EC0-301F-11D3-BF4B-00C04F79EFBC}") = "Vanrise.Fzero.Services.LevelTwoComparison", "Vanrise.Fzero.Services.LevelTwoComparison\Vanrise.Fzero.Services.LevelTwoComparison.csproj", "{E2B7A301-D7E4-4A76-BBBA-6B94F280B1AA}"
EndProject
Project("{FAE04EC0-301F-11D3-BF4B-00C04F79EFBC}") = "Vanrise.Fzero.Services.Mysql", "Vanrise.Fzero.Services.Mysql\Vanrise.Fzero.Services.Mysql.csproj", "{E1C0DDCB-84F4-4525-A50B-8B1F92CC4C35}"
EndProject
Project("{FAE04EC0-301F-11D3-BF4B-00C04F79EFBC}") = "Vanrise.Fzero.Services.RecievedMysql", "Vanrise.Fzero.Services.RecievedMysql\Vanrise.Fzero.Services.RecievedMysql.csproj", "{FC5F3E63-FE29-4C96-ACC9-F41A6DA733ED}"
EndProject
Project("{FAE04EC0-301F-11D3-BF4B-00C04F79EFBC}") = "Vanrise.Fzero.Services.RepeatedReport", "Vanrise.Fzero.Services.RepeatedReport\Vanrise.Fzero.Services.RepeatedReport.csproj", "{C03595F8-1CBA-4FA0-A65C-C1D758874223}"
EndProject
Project("{FAE04EC0-301F-11D3-BF4B-00C04F79EFBC}") = "Vanrise.Fzero.Services.Report", "Vanrise.Fzero.Services.Report\Vanrise.Fzero.Services.Report.csproj", "{970A8CDF-2C4A-465A-8797-D58E708F7C66}"
EndProject
Project("{FAE04EC0-301F-11D3-BF4B-00C04F79EFBC}") = "Vanrise.Fzero.Services.WeeklyReport", "Vanrise.Fzero.Services.WeeklyReport\Vanrise.Fzero.Services.WeeklyReport.csproj", "{990E2C6C-70A1-47EE-AA39-6A6A875FA031}"
EndProject
Project("{2150E333-8FDC-42A3-9474-1A3956D46DE8}") = "SQL", "SQL", "{98EAF500-8DA4-44B9-897C-6F96B32C64AD}"
EndProject
Project("{00D1A9C2-B5F0-4AF3-8072-F6C62B433612}") = "FMS", "FMS\FMS.sqlproj", "{266B8DF5-93CD-4EA4-A0AB-06FE3E2E006C}"
EndProject
Project("{00D1A9C2-B5F0-4AF3-8072-F6C62B433612}") = "PSTNCDRAnalysis", "PSTNCDRAnalysis\PSTNCDRAnalysis.sqlproj", "{C9629F70-CB2D-4D2E-99BA-E6CD5C9C3189}"
EndProject
Project("{FAE04EC0-301F-11D3-BF4B-00C04F79EFBC}") = "Vanrise.Fzero.Services.CDRImport", "Vanrise.Fzero.Services.CDRImport\Vanrise.Fzero.Services.CDRImport.csproj", "{514B4520-1119-4646-AC6B-5A65DE2A332D}"
EndProject
Project("{FAE04EC0-301F-11D3-BF4B-00C04F79EFBC}") = "Vanrise.Fzero.Services.DailySummaryReport", "Vanrise.Fzero.Services.DailySummaryReport\Vanrise.Fzero.Services.DailySummaryReport.csproj", "{CBC8642E-FEF7-4179-A94A-8CBAEB90BABD}"
EndProject
Project("{FAE04EC0-301F-11D3-BF4B-00C04F79EFBC}") = "Vanrise.Fzero.Services.NonFruadReport", "Vanrise.Fzero.Services.NonFruadReport\Vanrise.Fzero.Services.NonFruadReport.csproj", "{21CE566F-B0EC-42CC-ABA0-B4E60FCB6EA5}"
EndProject
Project("{FAE04EC0-301F-11D3-BF4B-00C04F79EFBC}") = "Vanrise.Fzero.Services.DailyReportsSummary", "Vanrise.Fzero.Services.DailyReportsSummary\Vanrise.Fzero.Services.DailyReportsSummary.csproj", "{63437AA1-7590-40F0-8CEB-E36291A32A44}"
EndProject
Global
	GlobalSection(TeamFoundationVersionControl) = preSolution
		SccNumberOfProjects = 20
		SccEnterpriseProvider = {4CA58AB2-18FA-4F8D-95D4-32DDF27D184C}
		SccTeamFoundationServer = http://developmentvlan:8585/tfs/vanrise.collection
		SccLocalPath0 = .
		SccProjectUniqueName1 = Vanrise.CommonLibrary\\Vanrise.CommonLibrary.csproj
		SccProjectName1 = Vanrise.CommonLibrary
		SccLocalPath1 = Vanrise.CommonLibrary
		SccProjectUniqueName2 = Vanrise.Fzero.Bypass.TOne\\Vanrise.Fzero.Bypass.TOne.csproj
		SccProjectName2 = Vanrise.Fzero.Bypass.TOne
		SccLocalPath2 = Vanrise.Fzero.Bypass.TOne
		SccProjectUniqueName3 = Vanrise.Fzero.Bypass\\Vanrise.Fzero.Bypass.csproj
		SccProjectName3 = Vanrise.Fzero.Bypass
		SccLocalPath3 = Vanrise.Fzero.Bypass
		SccProjectUniqueName4 = Vanrise.Fzero.Services.ClientReport\\Vanrise.Fzero.Services.ClientReport.csproj
		SccProjectName4 = Vanrise.Fzero.Services.ClientReport
		SccLocalPath4 = Vanrise.Fzero.Services.ClientReport
		SccProjectUniqueName5 = Vanrise.Fzero.Services.DailyReport\\Vanrise.Fzero.Services.DailyReport.csproj
		SccProjectName5 = Vanrise.Fzero.Services.DailyReport
		SccLocalPath5 = Vanrise.Fzero.Services.DailyReport
		SccProjectUniqueName6 = Vanrise.Fzero.Services.LevelTwoComparison\\Vanrise.Fzero.Services.LevelTwoComparison.csproj
		SccProjectName6 = Vanrise.Fzero.Services.LevelTwoComparison
		SccLocalPath6 = Vanrise.Fzero.Services.LevelTwoComparison
		SccProjectUniqueName7 = Vanrise.Fzero.Services.Mysql\\Vanrise.Fzero.Services.Mysql.csproj
		SccProjectName7 = Vanrise.Fzero.Services.Mysql
		SccLocalPath7 = Vanrise.Fzero.Services.Mysql
		SccProjectUniqueName8 = Vanrise.Fzero.Services.RecievedMysql\\Vanrise.Fzero.Services.RecievedMysql.csproj
		SccProjectName8 = Vanrise.Fzero.Services.RecievedMysql
		SccLocalPath8 = Vanrise.Fzero.Services.RecievedMysql
		SccProjectUniqueName9 = Vanrise.Fzero.Services.RepeatedReport\\Vanrise.Fzero.Services.RepeatedReport.csproj
		SccProjectName9 = Vanrise.Fzero.Services.RepeatedReport
		SccLocalPath9 = Vanrise.Fzero.Services.RepeatedReport
		SccProjectUniqueName10 = Vanrise.Fzero.Services.Report\\Vanrise.Fzero.Services.Report.csproj
		SccProjectName10 = Vanrise.Fzero.Services.Report
		SccLocalPath10 = Vanrise.Fzero.Services.Report
		SccProjectUniqueName11 = Vanrise.Fzero.Services.WeeklyReport\\Vanrise.Fzero.Services.WeeklyReport.csproj
		SccProjectName11 = Vanrise.Fzero.Services.WeeklyReport
		SccLocalPath11 = Vanrise.Fzero.Services.WeeklyReport
		SccWebProject12 = true
		SccProjectUniqueName12 = http://localhost:2251
		SccProjectName12 = Vanrise.Fzero.Bypass.ClientWebSite
		SccLocalPath12 = Vanrise.Fzero.Bypass.ClientWebSite
		SccProjectEnlistmentChoice12 = 2
		SccWebProject13 = true
		SccProjectUniqueName13 = http://localhost:2240
		SccProjectName13 = Vanrise.Fzero.Bypass.WebSite
		SccLocalPath13 = Vanrise.Fzero.Bypass.WebSite
		SccProjectEnlistmentChoice13 = 2
		SccProjectUniqueName14 = FMS\\FMS.sqlproj
		SccProjectTopLevelParentUniqueName14 = Fzero.sln
		SccProjectName14 = FMS
		SccLocalPath14 = FMS
		SccProjectUniqueName15 = PSTNCDRAnalysis\\PSTNCDRAnalysis.sqlproj
		SccProjectTopLevelParentUniqueName15 = Fzero.sln
		SccProjectName15 = PSTNCDRAnalysis
		SccLocalPath15 = PSTNCDRAnalysis
		SccProjectUniqueName16 = Vanrise.Fzero.Services.CDRImport\\Vanrise.Fzero.Services.CDRImport.csproj
		SccProjectName16 = Vanrise.Fzero.Services.CDRImport
		SccLocalPath16 = Vanrise.Fzero.Services.CDRImport
		SccProjectUniqueName17 = Vanrise.Fzero.Services.DailySummaryReport\\Vanrise.Fzero.Services.DailySummaryReport.csproj
		SccProjectName17 = Vanrise.Fzero.Services.DailySummaryReport
		SccLocalPath17 = Vanrise.Fzero.Services.DailySummaryReport
		SccProjectUniqueName18 = Vanrise.Fzero.Services.NonFruadReport\\Vanrise.Fzero.Services.NonFruadReport.csproj
		SccProjectName18 = Vanrise.Fzero.Services.NonFruadReport
		SccLocalPath18 = Vanrise.Fzero.Services.NonFruadReport
		SccProjectUniqueName19 = Vanrise.Fzero.Services.DailyReportsSummary\\Vanrise.Fzero.Services.DailyReportsSummary.csproj
		SccProjectName19 = Vanrise.Fzero.Services.DailyReportsSummary
		SccLocalPath19 = Vanrise.Fzero.Services.DailyReportsSummary
	EndGlobalSection
	GlobalSection(SolutionConfigurationPlatforms) = preSolution
		Debug|Any CPU = Debug|Any CPU
		Release|Any CPU = Release|Any CPU
	EndGlobalSection
	GlobalSection(ProjectConfigurationPlatforms) = postSolution
		{1CA1B8A4-C6AC-499D-A763-8276A68C415E}.Debug|Any CPU.ActiveCfg = Debug|Any CPU
		{1CA1B8A4-C6AC-499D-A763-8276A68C415E}.Debug|Any CPU.Build.0 = Debug|Any CPU
		{1CA1B8A4-C6AC-499D-A763-8276A68C415E}.Release|Any CPU.ActiveCfg = Release|Any CPU
		{1CA1B8A4-C6AC-499D-A763-8276A68C415E}.Release|Any CPU.Build.0 = Release|Any CPU
		{A0A85889-CED2-4DE6-BDA9-FEF2C10EB564}.Debug|Any CPU.ActiveCfg = Debug|Any CPU
		{A0A85889-CED2-4DE6-BDA9-FEF2C10EB564}.Debug|Any CPU.Build.0 = Debug|Any CPU
		{A0A85889-CED2-4DE6-BDA9-FEF2C10EB564}.Release|Any CPU.ActiveCfg = Release|Any CPU
		{A0A85889-CED2-4DE6-BDA9-FEF2C10EB564}.Release|Any CPU.Build.0 = Release|Any CPU
		{EEE60610-F6E8-44A7-A655-07F32D47A5B9}.Debug|Any CPU.ActiveCfg = Debug|Any CPU
		{EEE60610-F6E8-44A7-A655-07F32D47A5B9}.Debug|Any CPU.Build.0 = Debug|Any CPU
		{EEE60610-F6E8-44A7-A655-07F32D47A5B9}.Release|Any CPU.ActiveCfg = Debug|Any CPU
		{EEE60610-F6E8-44A7-A655-07F32D47A5B9}.Release|Any CPU.Build.0 = Debug|Any CPU
		{80697BB9-BB24-4596-BD1B-E132B64B71C6}.Debug|Any CPU.ActiveCfg = Debug|Any CPU
		{80697BB9-BB24-4596-BD1B-E132B64B71C6}.Debug|Any CPU.Build.0 = Debug|Any CPU
		{80697BB9-BB24-4596-BD1B-E132B64B71C6}.Release|Any CPU.ActiveCfg = Debug|Any CPU
		{80697BB9-BB24-4596-BD1B-E132B64B71C6}.Release|Any CPU.Build.0 = Debug|Any CPU
		{AA133B7E-6501-4A0D-AE8D-847B35008044}.Debug|Any CPU.ActiveCfg = Debug|Any CPU
		{AA133B7E-6501-4A0D-AE8D-847B35008044}.Debug|Any CPU.Build.0 = Debug|Any CPU
		{AA133B7E-6501-4A0D-AE8D-847B35008044}.Release|Any CPU.ActiveCfg = Release|Any CPU
		{AA133B7E-6501-4A0D-AE8D-847B35008044}.Release|Any CPU.Build.0 = Release|Any CPU
		{68C22EBB-E2E7-47F5-A1AF-6538BBE4E0EF}.Debug|Any CPU.ActiveCfg = Debug|Any CPU
		{68C22EBB-E2E7-47F5-A1AF-6538BBE4E0EF}.Debug|Any CPU.Build.0 = Debug|Any CPU
		{68C22EBB-E2E7-47F5-A1AF-6538BBE4E0EF}.Release|Any CPU.ActiveCfg = Release|Any CPU
		{68C22EBB-E2E7-47F5-A1AF-6538BBE4E0EF}.Release|Any CPU.Build.0 = Release|Any CPU
		{2B782E4E-93EC-4F08-BCBD-F6D43808D438}.Debug|Any CPU.ActiveCfg = Debug|Any CPU
		{2B782E4E-93EC-4F08-BCBD-F6D43808D438}.Debug|Any CPU.Build.0 = Debug|Any CPU
		{2B782E4E-93EC-4F08-BCBD-F6D43808D438}.Release|Any CPU.ActiveCfg = Release|Any CPU
		{2B782E4E-93EC-4F08-BCBD-F6D43808D438}.Release|Any CPU.Build.0 = Release|Any CPU
		{E2B7A301-D7E4-4A76-BBBA-6B94F280B1AA}.Debug|Any CPU.ActiveCfg = Debug|Any CPU
		{E2B7A301-D7E4-4A76-BBBA-6B94F280B1AA}.Debug|Any CPU.Build.0 = Debug|Any CPU
		{E2B7A301-D7E4-4A76-BBBA-6B94F280B1AA}.Release|Any CPU.ActiveCfg = Release|Any CPU
		{E2B7A301-D7E4-4A76-BBBA-6B94F280B1AA}.Release|Any CPU.Build.0 = Release|Any CPU
		{E1C0DDCB-84F4-4525-A50B-8B1F92CC4C35}.Debug|Any CPU.ActiveCfg = Debug|Any CPU
		{E1C0DDCB-84F4-4525-A50B-8B1F92CC4C35}.Debug|Any CPU.Build.0 = Debug|Any CPU
		{E1C0DDCB-84F4-4525-A50B-8B1F92CC4C35}.Release|Any CPU.ActiveCfg = Release|Any CPU
		{E1C0DDCB-84F4-4525-A50B-8B1F92CC4C35}.Release|Any CPU.Build.0 = Release|Any CPU
		{FC5F3E63-FE29-4C96-ACC9-F41A6DA733ED}.Debug|Any CPU.ActiveCfg = Debug|Any CPU
		{FC5F3E63-FE29-4C96-ACC9-F41A6DA733ED}.Debug|Any CPU.Build.0 = Debug|Any CPU
		{FC5F3E63-FE29-4C96-ACC9-F41A6DA733ED}.Release|Any CPU.ActiveCfg = Release|Any CPU
		{FC5F3E63-FE29-4C96-ACC9-F41A6DA733ED}.Release|Any CPU.Build.0 = Release|Any CPU
		{C03595F8-1CBA-4FA0-A65C-C1D758874223}.Debug|Any CPU.ActiveCfg = Debug|Any CPU
		{C03595F8-1CBA-4FA0-A65C-C1D758874223}.Debug|Any CPU.Build.0 = Debug|Any CPU
		{C03595F8-1CBA-4FA0-A65C-C1D758874223}.Release|Any CPU.ActiveCfg = Release|Any CPU
		{C03595F8-1CBA-4FA0-A65C-C1D758874223}.Release|Any CPU.Build.0 = Release|Any CPU
		{970A8CDF-2C4A-465A-8797-D58E708F7C66}.Debug|Any CPU.ActiveCfg = Debug|Any CPU
		{970A8CDF-2C4A-465A-8797-D58E708F7C66}.Debug|Any CPU.Build.0 = Debug|Any CPU
		{970A8CDF-2C4A-465A-8797-D58E708F7C66}.Release|Any CPU.ActiveCfg = Release|Any CPU
		{970A8CDF-2C4A-465A-8797-D58E708F7C66}.Release|Any CPU.Build.0 = Release|Any CPU
		{990E2C6C-70A1-47EE-AA39-6A6A875FA031}.Debug|Any CPU.ActiveCfg = Debug|Any CPU
		{990E2C6C-70A1-47EE-AA39-6A6A875FA031}.Debug|Any CPU.Build.0 = Debug|Any CPU
		{990E2C6C-70A1-47EE-AA39-6A6A875FA031}.Release|Any CPU.ActiveCfg = Release|Any CPU
		{990E2C6C-70A1-47EE-AA39-6A6A875FA031}.Release|Any CPU.Build.0 = Release|Any CPU
		{266B8DF5-93CD-4EA4-A0AB-06FE3E2E006C}.Debug|Any CPU.ActiveCfg = Debug|Any CPU
		{266B8DF5-93CD-4EA4-A0AB-06FE3E2E006C}.Debug|Any CPU.Build.0 = Debug|Any CPU
		{266B8DF5-93CD-4EA4-A0AB-06FE3E2E006C}.Debug|Any CPU.Deploy.0 = Debug|Any CPU
		{266B8DF5-93CD-4EA4-A0AB-06FE3E2E006C}.Release|Any CPU.ActiveCfg = Release|Any CPU
		{266B8DF5-93CD-4EA4-A0AB-06FE3E2E006C}.Release|Any CPU.Build.0 = Release|Any CPU
		{266B8DF5-93CD-4EA4-A0AB-06FE3E2E006C}.Release|Any CPU.Deploy.0 = Release|Any CPU
		{C9629F70-CB2D-4D2E-99BA-E6CD5C9C3189}.Debug|Any CPU.ActiveCfg = Debug|Any CPU
		{C9629F70-CB2D-4D2E-99BA-E6CD5C9C3189}.Debug|Any CPU.Build.0 = Debug|Any CPU
		{C9629F70-CB2D-4D2E-99BA-E6CD5C9C3189}.Debug|Any CPU.Deploy.0 = Debug|Any CPU
		{C9629F70-CB2D-4D2E-99BA-E6CD5C9C3189}.Release|Any CPU.ActiveCfg = Release|Any CPU
		{C9629F70-CB2D-4D2E-99BA-E6CD5C9C3189}.Release|Any CPU.Build.0 = Release|Any CPU
		{C9629F70-CB2D-4D2E-99BA-E6CD5C9C3189}.Release|Any CPU.Deploy.0 = Release|Any CPU
		{514B4520-1119-4646-AC6B-5A65DE2A332D}.Debug|Any CPU.ActiveCfg = Debug|Any CPU
		{514B4520-1119-4646-AC6B-5A65DE2A332D}.Debug|Any CPU.Build.0 = Debug|Any CPU
		{514B4520-1119-4646-AC6B-5A65DE2A332D}.Release|Any CPU.ActiveCfg = Release|Any CPU
		{514B4520-1119-4646-AC6B-5A65DE2A332D}.Release|Any CPU.Build.0 = Release|Any CPU
		{CBC8642E-FEF7-4179-A94A-8CBAEB90BABD}.Debug|Any CPU.ActiveCfg = Debug|Any CPU
		{CBC8642E-FEF7-4179-A94A-8CBAEB90BABD}.Debug|Any CPU.Build.0 = Debug|Any CPU
		{CBC8642E-FEF7-4179-A94A-8CBAEB90BABD}.Release|Any CPU.ActiveCfg = Release|Any CPU
		{CBC8642E-FEF7-4179-A94A-8CBAEB90BABD}.Release|Any CPU.Build.0 = Release|Any CPU
		{21CE566F-B0EC-42CC-ABA0-B4E60FCB6EA5}.Debug|Any CPU.ActiveCfg = Debug|Any CPU
		{21CE566F-B0EC-42CC-ABA0-B4E60FCB6EA5}.Debug|Any CPU.Build.0 = Debug|Any CPU
		{21CE566F-B0EC-42CC-ABA0-B4E60FCB6EA5}.Release|Any CPU.ActiveCfg = Release|Any CPU
		{21CE566F-B0EC-42CC-ABA0-B4E60FCB6EA5}.Release|Any CPU.Build.0 = Release|Any CPU
		{63437AA1-7590-40F0-8CEB-E36291A32A44}.Debug|Any CPU.ActiveCfg = Debug|Any CPU
		{63437AA1-7590-40F0-8CEB-E36291A32A44}.Debug|Any CPU.Build.0 = Debug|Any CPU
		{63437AA1-7590-40F0-8CEB-E36291A32A44}.Release|Any CPU.ActiveCfg = Release|Any CPU
		{63437AA1-7590-40F0-8CEB-E36291A32A44}.Release|Any CPU.Build.0 = Release|Any CPU
	EndGlobalSection
	GlobalSection(SolutionProperties) = preSolution
		HideSolutionNode = FALSE
	EndGlobalSection
	GlobalSection(NestedProjects) = preSolution
		{266B8DF5-93CD-4EA4-A0AB-06FE3E2E006C} = {98EAF500-8DA4-44B9-897C-6F96B32C64AD}
		{C9629F70-CB2D-4D2E-99BA-E6CD5C9C3189} = {98EAF500-8DA4-44B9-897C-6F96B32C64AD}
	EndGlobalSection
EndGlobal
