
Microsoft Visual Studio Solution File, Format Version 12.00
# Visual Studio 2013
VisualStudioVersion = 12.0.31101.0
MinimumVisualStudioVersion = 10.0.40219.1
Project("{2150E333-8FDC-42A3-9474-1A3956D46DE8}") = "Common", "Common", "{C9D155CA-F029-4600-994D-B363EB3036AC}"
EndProject
Project("{2150E333-8FDC-42A3-9474-1A3956D46DE8}") = "Modules", "Modules", "{34A6EFD7-FB0A-415D-9F0A-585D5D7C6671}"
EndProject
Project("{2150E333-8FDC-42A3-9474-1A3956D46DE8}") = "Runtime", "Runtime", "{5335E72B-803E-4323-895F-4293DB0E9211}"
EndProject
Project("{2150E333-8FDC-42A3-9474-1A3956D46DE8}") = "SQL", "SQL", "{DBCF7D23-8951-4886-9024-282788E5D24F}"
EndProject
Project("{2150E333-8FDC-42A3-9474-1A3956D46DE8}") = "Web", "Web", "{E4939690-9DBD-4189-A9A7-98709548B55A}"
EndProject
Project("{FAE04EC0-301F-11D3-BF4B-00C04F79EFBC}") = "Vanrise.Web.Base", "..\..\Vanrise\Code\Vanrise.Web.Base\Vanrise.Web.Base.csproj", "{C527C7B2-A481-4D1D-B25A-4A540E812153}"
EndProject
Project("{FAE04EC0-301F-11D3-BF4B-00C04F79EFBC}") = "Vanrise.Web", "..\..\Vanrise\Code\Vanrise.Web\Vanrise.Web.csproj", "{3B35C6E1-FD21-4E32-A8BD-F11377A545A0}"
EndProject
Project("{FAE04EC0-301F-11D3-BF4B-00C04F79EFBC}") = "Retail.Web", "Retail.Web\Retail.Web.csproj", "{5722F0F7-7F0C-4D2C-848A-7956A2D6D33C}"
EndProject
Project("{00D1A9C2-B5F0-4AF3-8072-F6C62B433612}") = "Retail", "Retail\Retail.sqlproj", "{BAC71345-402F-46AC-8FEC-1401F493305E}"
EndProject
Project("{FAE04EC0-301F-11D3-BF4B-00C04F79EFBC}") = "Resources", "Resources\Resources.csproj", "{9B68ECEC-58EA-4266-B8AF-C793C903AB8F}"
EndProject
Project("{2150E333-8FDC-42A3-9474-1A3956D46DE8}") = "Retail.BusinessEntity", "Retail.BusinessEntity", "{025EE35C-62EB-43DE-B92E-C8633EFEBD16}"
EndProject
Project("{FAE04EC0-301F-11D3-BF4B-00C04F79EFBC}") = "Retail.BusinessEntity.Web", "Retail.BusinessEntity.Web\Retail.BusinessEntity.Web.csproj", "{47686853-E160-48EC-99BC-B81088AD84E3}"
EndProject
Project("{FAE04EC0-301F-11D3-BF4B-00C04F79EFBC}") = "Retail.BusinessEntity.Business", "Retail.BusinessEntity.Business\Retail.BusinessEntity.Business.csproj", "{194F2715-17DC-49FA-B701-2386AAA9EDDF}"
EndProject
Project("{FAE04EC0-301F-11D3-BF4B-00C04F79EFBC}") = "Retail.BusinessEntity.Data", "Retail.BusinessEntity.Data\Retail.BusinessEntity.Data.csproj", "{45BEE1A0-30FD-405D-B476-C3B2D0B2A21F}"
EndProject
Project("{FAE04EC0-301F-11D3-BF4B-00C04F79EFBC}") = "Retail.BusinessEntity.Data.SQL", "Retail.BusinessEntity.Data.SQL\Retail.BusinessEntity.Data.SQL.csproj", "{25AB3F26-CC70-476E-888A-2A85377612D6}"
EndProject
Project("{FAE04EC0-301F-11D3-BF4B-00C04F79EFBC}") = "Retail.BusinessEntity.Entities", "Retail.BusinessEntity.Entities\Retail.BusinessEntity.Entities.csproj", "{C08FD318-049C-49CE-8BC4-85BF296CBAB9}"
EndProject
Project("{FAE04EC0-301F-11D3-BF4B-00C04F79EFBC}") = "Retail.BusinessEntity.MainExtensions", "Retail.BusinessEntity.MainExtensions\Retail.BusinessEntity.MainExtensions.csproj", "{E4C4EF32-ADFB-48C3-A3D3-489A4FC53B89}"
EndProject
Project("{2150E333-8FDC-42A3-9474-1A3956D46DE8}") = "Retail.Voice", "Retail.Voice", "{7C9239B5-93F0-4CDE-AC50-64CBB563A8D2}"
EndProject
Project("{FAE04EC0-301F-11D3-BF4B-00C04F79EFBC}") = "Retail.Voice.Entities", "Retail.Voice.Entities\Retail.Voice.Entities.csproj", "{D1F8761C-BAF9-4302-902A-A9EA86CC8ED6}"
EndProject
Project("{FAE04EC0-301F-11D3-BF4B-00C04F79EFBC}") = "Retail.Voice.MainExtensions", "Retail.Voice.MainExtensions\Retail.Voice.MainExtensions.csproj", "{59EFF472-B705-4AC1-B04C-C23ED4C82020}"
EndProject
Project("{FAE04EC0-301F-11D3-BF4B-00C04F79EFBC}") = "Retail.Voice.Business", "Retail.Voice.Business\Retail.Voice.Business.csproj", "{95AE4730-EE1B-4A0B-A785-BAF36F130714}"
EndProject
Project("{FAE04EC0-301F-11D3-BF4B-00C04F79EFBC}") = "Retail.Voice.Web", "Retail.Voice.Web\Retail.Voice.Web.csproj", "{D5D3AD98-E134-4ED3-9040-E50A2BF1C650}"
EndProject
Global
	GlobalSection(TeamFoundationVersionControl) = preSolution
		SccNumberOfProjects = 16
		SccEnterpriseProvider = {4CA58AB2-18FA-4F8D-95D4-32DDF27D184C}
		SccTeamFoundationServer = http://development_vlan:8585/tfs/vanrise.collection
		SccLocalPath0 = .
		SccProjectUniqueName1 = ..\\..\\Vanrise\\Code\\Vanrise.Web.Base\\Vanrise.Web.Base.csproj
		SccProjectTopLevelParentUniqueName1 = Retail.sln
		SccProjectName1 = ../../Vanrise/Code/Vanrise.Web.Base
		SccLocalPath1 = ..\\..\\Vanrise\\Code\\Vanrise.Web.Base
		SccProjectUniqueName2 = ..\\..\\Vanrise\\Code\\Vanrise.Web\\Vanrise.Web.csproj
		SccProjectTopLevelParentUniqueName2 = Retail.sln
		SccProjectName2 = ../../Vanrise/Code/Vanrise.Web
		SccLocalPath2 = ..\\..\\Vanrise\\Code\\Vanrise.Web
		SccProjectUniqueName3 = Retail.Web\\Retail.Web.csproj
		SccProjectTopLevelParentUniqueName3 = Retail.sln
		SccProjectName3 = Retail.Web
		SccLocalPath3 = Retail.Web
		SccProjectUniqueName4 = Retail\\Retail.sqlproj
		SccProjectTopLevelParentUniqueName4 = Retail.sln
		SccProjectName4 = Retail
		SccLocalPath4 = Retail
		SccProjectUniqueName5 = Resources\\Resources.csproj
		SccProjectTopLevelParentUniqueName5 = Retail.sln
		SccProjectName5 = Resources
		SccLocalPath5 = Resources
		SccProjectUniqueName6 = Retail.BusinessEntity.Web\\Retail.BusinessEntity.Web.csproj
		SccProjectTopLevelParentUniqueName6 = Retail.sln
		SccProjectName6 = Retail.BusinessEntity.Web
		SccLocalPath6 = Retail.BusinessEntity.Web
		SccProjectUniqueName7 = Retail.BusinessEntity.Business\\Retail.BusinessEntity.Business.csproj
		SccProjectTopLevelParentUniqueName7 = Retail.sln
		SccProjectName7 = Retail.BusinessEntity.Business
		SccLocalPath7 = Retail.BusinessEntity.Business
		SccProjectUniqueName8 = Retail.BusinessEntity.Data\\Retail.BusinessEntity.Data.csproj
		SccProjectTopLevelParentUniqueName8 = Retail.sln
		SccProjectName8 = Retail.BusinessEntity.Data
		SccLocalPath8 = Retail.BusinessEntity.Data
		SccProjectUniqueName9 = Retail.BusinessEntity.Data.SQL\\Retail.BusinessEntity.Data.SQL.csproj
		SccProjectTopLevelParentUniqueName9 = Retail.sln
		SccProjectName9 = Retail.BusinessEntity.Data.SQL
		SccLocalPath9 = Retail.BusinessEntity.Data.SQL
		SccProjectUniqueName10 = Retail.BusinessEntity.Entities\\Retail.BusinessEntity.Entities.csproj
		SccProjectTopLevelParentUniqueName10 = Retail.sln
		SccProjectName10 = Retail.BusinessEntity.Entities
		SccLocalPath10 = Retail.BusinessEntity.Entities
		SccProjectUniqueName11 = Retail.BusinessEntity.MainExtensions\\Retail.BusinessEntity.MainExtensions.csproj
		SccProjectTopLevelParentUniqueName11 = Retail.sln
		SccProjectName11 = Retail.BusinessEntity.MainExtensions
		SccLocalPath11 = Retail.BusinessEntity.MainExtensions
		SccProjectUniqueName12 = Retail.Voice.Entities\\Retail.Voice.Entities.csproj
		SccProjectTopLevelParentUniqueName12 = Retail.sln
		SccProjectName12 = Retail.Voice.Entities
		SccLocalPath12 = Retail.Voice.Entities
		SccProjectUniqueName13 = Retail.Voice.MainExtensions\\Retail.Voice.MainExtensions.csproj
		SccProjectTopLevelParentUniqueName13 = Retail.sln
		SccProjectName13 = Retail.Voice.MainExtensions
		SccLocalPath13 = Retail.Voice.MainExtensions
		SccProjectUniqueName14 = Retail.Voice.Business\\Retail.Voice.Business.csproj
		SccProjectTopLevelParentUniqueName14 = Retail.sln
		SccProjectName14 = Retail.Voice.Business
		SccLocalPath14 = Retail.Voice.Business
		SccProjectUniqueName15 = Retail.Voice.Web\\Retail.Voice.Web.csproj
		SccProjectTopLevelParentUniqueName15 = Retail.sln
		SccProjectName15 = Retail.Voice.Web
		SccLocalPath15 = Retail.Voice.Web
	EndGlobalSection
	GlobalSection(SolutionConfigurationPlatforms) = preSolution
		Debug|Any CPU = Debug|Any CPU
		Release|Any CPU = Release|Any CPU
	EndGlobalSection
	GlobalSection(ProjectConfigurationPlatforms) = postSolution
		{C527C7B2-A481-4D1D-B25A-4A540E812153}.Debug|Any CPU.ActiveCfg = Debug|Any CPU
		{C527C7B2-A481-4D1D-B25A-4A540E812153}.Debug|Any CPU.Build.0 = Debug|Any CPU
		{C527C7B2-A481-4D1D-B25A-4A540E812153}.Release|Any CPU.ActiveCfg = Release|Any CPU
		{C527C7B2-A481-4D1D-B25A-4A540E812153}.Release|Any CPU.Build.0 = Release|Any CPU
		{3B35C6E1-FD21-4E32-A8BD-F11377A545A0}.Debug|Any CPU.ActiveCfg = Debug|Any CPU
		{3B35C6E1-FD21-4E32-A8BD-F11377A545A0}.Debug|Any CPU.Build.0 = Debug|Any CPU
		{3B35C6E1-FD21-4E32-A8BD-F11377A545A0}.Release|Any CPU.ActiveCfg = Release|Any CPU
		{3B35C6E1-FD21-4E32-A8BD-F11377A545A0}.Release|Any CPU.Build.0 = Release|Any CPU
		{5722F0F7-7F0C-4D2C-848A-7956A2D6D33C}.Debug|Any CPU.ActiveCfg = Debug|Any CPU
		{5722F0F7-7F0C-4D2C-848A-7956A2D6D33C}.Debug|Any CPU.Build.0 = Debug|Any CPU
		{5722F0F7-7F0C-4D2C-848A-7956A2D6D33C}.Release|Any CPU.ActiveCfg = Release|Any CPU
		{5722F0F7-7F0C-4D2C-848A-7956A2D6D33C}.Release|Any CPU.Build.0 = Release|Any CPU
		{BAC71345-402F-46AC-8FEC-1401F493305E}.Debug|Any CPU.ActiveCfg = Debug|Any CPU
		{BAC71345-402F-46AC-8FEC-1401F493305E}.Debug|Any CPU.Build.0 = Debug|Any CPU
		{BAC71345-402F-46AC-8FEC-1401F493305E}.Debug|Any CPU.Deploy.0 = Debug|Any CPU
		{BAC71345-402F-46AC-8FEC-1401F493305E}.Release|Any CPU.ActiveCfg = Release|Any CPU
		{BAC71345-402F-46AC-8FEC-1401F493305E}.Release|Any CPU.Build.0 = Release|Any CPU
		{BAC71345-402F-46AC-8FEC-1401F493305E}.Release|Any CPU.Deploy.0 = Release|Any CPU
		{9B68ECEC-58EA-4266-B8AF-C793C903AB8F}.Debug|Any CPU.ActiveCfg = Debug|Any CPU
		{9B68ECEC-58EA-4266-B8AF-C793C903AB8F}.Debug|Any CPU.Build.0 = Debug|Any CPU
		{9B68ECEC-58EA-4266-B8AF-C793C903AB8F}.Release|Any CPU.ActiveCfg = Release|Any CPU
		{9B68ECEC-58EA-4266-B8AF-C793C903AB8F}.Release|Any CPU.Build.0 = Release|Any CPU
		{47686853-E160-48EC-99BC-B81088AD84E3}.Debug|Any CPU.ActiveCfg = Debug|Any CPU
		{47686853-E160-48EC-99BC-B81088AD84E3}.Debug|Any CPU.Build.0 = Debug|Any CPU
		{47686853-E160-48EC-99BC-B81088AD84E3}.Release|Any CPU.ActiveCfg = Release|Any CPU
		{47686853-E160-48EC-99BC-B81088AD84E3}.Release|Any CPU.Build.0 = Release|Any CPU
		{194F2715-17DC-49FA-B701-2386AAA9EDDF}.Debug|Any CPU.ActiveCfg = Debug|Any CPU
		{194F2715-17DC-49FA-B701-2386AAA9EDDF}.Debug|Any CPU.Build.0 = Debug|Any CPU
		{194F2715-17DC-49FA-B701-2386AAA9EDDF}.Release|Any CPU.ActiveCfg = Release|Any CPU
		{194F2715-17DC-49FA-B701-2386AAA9EDDF}.Release|Any CPU.Build.0 = Release|Any CPU
		{45BEE1A0-30FD-405D-B476-C3B2D0B2A21F}.Debug|Any CPU.ActiveCfg = Debug|Any CPU
		{45BEE1A0-30FD-405D-B476-C3B2D0B2A21F}.Debug|Any CPU.Build.0 = Debug|Any CPU
		{45BEE1A0-30FD-405D-B476-C3B2D0B2A21F}.Release|Any CPU.ActiveCfg = Release|Any CPU
		{45BEE1A0-30FD-405D-B476-C3B2D0B2A21F}.Release|Any CPU.Build.0 = Release|Any CPU
		{25AB3F26-CC70-476E-888A-2A85377612D6}.Debug|Any CPU.ActiveCfg = Debug|Any CPU
		{25AB3F26-CC70-476E-888A-2A85377612D6}.Debug|Any CPU.Build.0 = Debug|Any CPU
		{25AB3F26-CC70-476E-888A-2A85377612D6}.Release|Any CPU.ActiveCfg = Release|Any CPU
		{25AB3F26-CC70-476E-888A-2A85377612D6}.Release|Any CPU.Build.0 = Release|Any CPU
		{C08FD318-049C-49CE-8BC4-85BF296CBAB9}.Debug|Any CPU.ActiveCfg = Debug|Any CPU
		{C08FD318-049C-49CE-8BC4-85BF296CBAB9}.Debug|Any CPU.Build.0 = Debug|Any CPU
		{C08FD318-049C-49CE-8BC4-85BF296CBAB9}.Release|Any CPU.ActiveCfg = Release|Any CPU
		{C08FD318-049C-49CE-8BC4-85BF296CBAB9}.Release|Any CPU.Build.0 = Release|Any CPU
		{E4C4EF32-ADFB-48C3-A3D3-489A4FC53B89}.Debug|Any CPU.ActiveCfg = Debug|Any CPU
		{E4C4EF32-ADFB-48C3-A3D3-489A4FC53B89}.Debug|Any CPU.Build.0 = Debug|Any CPU
		{E4C4EF32-ADFB-48C3-A3D3-489A4FC53B89}.Release|Any CPU.ActiveCfg = Release|Any CPU
		{E4C4EF32-ADFB-48C3-A3D3-489A4FC53B89}.Release|Any CPU.Build.0 = Release|Any CPU
		{D1F8761C-BAF9-4302-902A-A9EA86CC8ED6}.Debug|Any CPU.ActiveCfg = Debug|Any CPU
		{D1F8761C-BAF9-4302-902A-A9EA86CC8ED6}.Debug|Any CPU.Build.0 = Debug|Any CPU
		{D1F8761C-BAF9-4302-902A-A9EA86CC8ED6}.Release|Any CPU.ActiveCfg = Release|Any CPU
		{D1F8761C-BAF9-4302-902A-A9EA86CC8ED6}.Release|Any CPU.Build.0 = Release|Any CPU
		{59EFF472-B705-4AC1-B04C-C23ED4C82020}.Debug|Any CPU.ActiveCfg = Debug|Any CPU
		{59EFF472-B705-4AC1-B04C-C23ED4C82020}.Debug|Any CPU.Build.0 = Debug|Any CPU
		{59EFF472-B705-4AC1-B04C-C23ED4C82020}.Release|Any CPU.ActiveCfg = Release|Any CPU
		{59EFF472-B705-4AC1-B04C-C23ED4C82020}.Release|Any CPU.Build.0 = Release|Any CPU
		{95AE4730-EE1B-4A0B-A785-BAF36F130714}.Debug|Any CPU.ActiveCfg = Debug|Any CPU
		{95AE4730-EE1B-4A0B-A785-BAF36F130714}.Debug|Any CPU.Build.0 = Debug|Any CPU
		{95AE4730-EE1B-4A0B-A785-BAF36F130714}.Release|Any CPU.ActiveCfg = Release|Any CPU
		{95AE4730-EE1B-4A0B-A785-BAF36F130714}.Release|Any CPU.Build.0 = Release|Any CPU
		{D5D3AD98-E134-4ED3-9040-E50A2BF1C650}.Debug|Any CPU.ActiveCfg = Debug|Any CPU
		{D5D3AD98-E134-4ED3-9040-E50A2BF1C650}.Debug|Any CPU.Build.0 = Debug|Any CPU
		{D5D3AD98-E134-4ED3-9040-E50A2BF1C650}.Release|Any CPU.ActiveCfg = Release|Any CPU
		{D5D3AD98-E134-4ED3-9040-E50A2BF1C650}.Release|Any CPU.Build.0 = Release|Any CPU
	EndGlobalSection
	GlobalSection(SolutionProperties) = preSolution
		HideSolutionNode = FALSE
	EndGlobalSection
	GlobalSection(NestedProjects) = preSolution
		{C527C7B2-A481-4D1D-B25A-4A540E812153} = {E4939690-9DBD-4189-A9A7-98709548B55A}
		{3B35C6E1-FD21-4E32-A8BD-F11377A545A0} = {E4939690-9DBD-4189-A9A7-98709548B55A}
		{5722F0F7-7F0C-4D2C-848A-7956A2D6D33C} = {E4939690-9DBD-4189-A9A7-98709548B55A}
		{BAC71345-402F-46AC-8FEC-1401F493305E} = {DBCF7D23-8951-4886-9024-282788E5D24F}
		{9B68ECEC-58EA-4266-B8AF-C793C903AB8F} = {C9D155CA-F029-4600-994D-B363EB3036AC}
		{025EE35C-62EB-43DE-B92E-C8633EFEBD16} = {34A6EFD7-FB0A-415D-9F0A-585D5D7C6671}
		{47686853-E160-48EC-99BC-B81088AD84E3} = {025EE35C-62EB-43DE-B92E-C8633EFEBD16}
		{194F2715-17DC-49FA-B701-2386AAA9EDDF} = {025EE35C-62EB-43DE-B92E-C8633EFEBD16}
		{45BEE1A0-30FD-405D-B476-C3B2D0B2A21F} = {025EE35C-62EB-43DE-B92E-C8633EFEBD16}
		{25AB3F26-CC70-476E-888A-2A85377612D6} = {025EE35C-62EB-43DE-B92E-C8633EFEBD16}
		{C08FD318-049C-49CE-8BC4-85BF296CBAB9} = {025EE35C-62EB-43DE-B92E-C8633EFEBD16}
		{E4C4EF32-ADFB-48C3-A3D3-489A4FC53B89} = {025EE35C-62EB-43DE-B92E-C8633EFEBD16}
		{7C9239B5-93F0-4CDE-AC50-64CBB563A8D2} = {34A6EFD7-FB0A-415D-9F0A-585D5D7C6671}
		{D1F8761C-BAF9-4302-902A-A9EA86CC8ED6} = {7C9239B5-93F0-4CDE-AC50-64CBB563A8D2}
		{59EFF472-B705-4AC1-B04C-C23ED4C82020} = {7C9239B5-93F0-4CDE-AC50-64CBB563A8D2}
		{95AE4730-EE1B-4A0B-A785-BAF36F130714} = {7C9239B5-93F0-4CDE-AC50-64CBB563A8D2}
		{D5D3AD98-E134-4ED3-9040-E50A2BF1C650} = {7C9239B5-93F0-4CDE-AC50-64CBB563A8D2}
	EndGlobalSection
EndGlobal
